<?xml version="1.0" encoding="utf-8"?>
<Project ToolsVersion="4.0" xmlns="http://schemas.microsoft.com/developer/msbuild/2003">
  <ItemGroup>
    <Filter Include="Resource Files">
      <UniqueIdentifier>{60be10b2-b0d1-4d2d-9777-88fc89d417a3}</UniqueIdentifier>
      <Extensions>ico;cur;bmp;dlg;rc2;rct;bin;rgs;gif;jpg;jpeg;jpe</Extensions>
    </Filter>
    <Filter Include="MU">
      <UniqueIdentifier>{00d02322-d5fd-4b86-8b06-3ad0936dd70a}</UniqueIdentifier>
    </Filter>
    <Filter Include="Utilities">
      <UniqueIdentifier>{1a7667a9-0f3c-4e7e-b90e-24b53dc23a71}</UniqueIdentifier>
    </Filter>
    <Filter Include="Utilities\log">
      <UniqueIdentifier>{70fde5e0-b183-4fdb-a534-652e7a8caafc}</UniqueIdentifier>
    </Filter>
    <Filter Include="Utilities\memory">
      <UniqueIdentifier>{842676d0-97dc-418a-ae84-69610ecb5343}</UniqueIdentifier>
    </Filter>
    <Filter Include="External Object">
      <UniqueIdentifier>{c68b5a58-e20a-44b4-90bc-cda094cf209c}</UniqueIdentifier>
    </Filter>
    <Filter Include="External Object\ResourceGuard">
      <UniqueIdentifier>{729d2c04-2c9e-4d9b-8dce-8db0a3694f9e}</UniqueIdentifier>
    </Filter>
    <Filter Include="External Object\ResourceGuard\Script">
      <UniqueIdentifier>{2718e24a-c1cb-4ff0-b5e0-52d91f9a454d}</UniqueIdentifier>
    </Filter>
    <Filter Include="External Object\nprotect">
      <UniqueIdentifier>{80e06668-3db6-4d70-ba6d-56e474349b72}</UniqueIdentifier>
    </Filter>
    <Filter Include="MU\Map">
      <UniqueIdentifier>{5aa75a27-0693-4a7a-8730-3acdb2238b30}</UniqueIdentifier>
    </Filter>
    <Filter Include="MU\Load">
      <UniqueIdentifier>{02285ab0-a8d5-4147-8fe1-3212fd290ddd}</UniqueIdentifier>
    </Filter>
    <Filter Include="MU\Character">
      <UniqueIdentifier>{40d08960-a0c1-4906-a754-f6b54225859e}</UniqueIdentifier>
    </Filter>
    <Filter Include="MU\Skill">
      <UniqueIdentifier>{1b93627f-0459-47db-acdb-d438e33ff987}</UniqueIdentifier>
    </Filter>
    <Filter Include="MU\Guild">
      <UniqueIdentifier>{aa6fcfe7-9900-45fd-a583-f58d8f5bfa3b}</UniqueIdentifier>
    </Filter>
    <Filter Include="MU\Sound">
      <UniqueIdentifier>{bb394fb2-52ff-44d8-b94c-022ca3a635a8}</UniqueIdentifier>
    </Filter>
    <Filter Include="MU\Buff">
      <UniqueIdentifier>{f42ce68d-c805-4b89-a15f-e46ba93dcca7}</UniqueIdentifier>
    </Filter>
    <Filter Include="MU\Effect">
      <UniqueIdentifier>{6c987b5a-2e03-4c6a-a301-b2c11ebca53e}</UniqueIdentifier>
    </Filter>
    <Filter Include="MU\Item">
      <UniqueIdentifier>{54ca1f2b-c45b-4af4-81d7-a5e3e79579c9}</UniqueIdentifier>
    </Filter>
    <Filter Include="MU\Text">
      <UniqueIdentifier>{7314845e-484c-41f7-909e-2d1a1e88b5a5}</UniqueIdentifier>
    </Filter>
    <Filter Include="MU\Text\MultiLanguageSystem">
      <UniqueIdentifier>{33c1fb94-54e8-4254-b333-43a472d04842}</UniqueIdentifier>
    </Filter>
    <Filter Include="MU\Map\NewMap">
      <UniqueIdentifier>{f912360d-43e2-43cc-83cd-c011db7a286b}</UniqueIdentifier>
    </Filter>
    <Filter Include="MU\Map\NewMap\MapExpress">
      <UniqueIdentifier>{5500398e-32eb-4034-b4e9-bb022f3c5f8e}</UniqueIdentifier>
    </Filter>
    <Filter Include="MU\Graphic">
      <UniqueIdentifier>{279a9f26-baa3-4b5a-9595-9b6c04505f2a}</UniqueIdentifier>
    </Filter>
    <Filter Include="MU\Graphic\2D">
      <UniqueIdentifier>{37a925da-57d0-4472-ac23-284c2a225ef3}</UniqueIdentifier>
    </Filter>
    <Filter Include="MU\Graphic\2D\2d_resource">
      <UniqueIdentifier>{d50e9e14-72fa-42c6-b195-ee9c444b6232}</UniqueIdentifier>
    </Filter>
    <Filter Include="MU\Graphic\Vector">
      <UniqueIdentifier>{4276e326-0e3f-4949-9b61-e9928243cc21}</UniqueIdentifier>
    </Filter>
    <Filter Include="MU\Common">
      <UniqueIdentifier>{fbe110ab-d140-4d7f-9b72-767b617ed27b}</UniqueIdentifier>
    </Filter>
    <Filter Include="MU\Interface">
      <UniqueIdentifier>{887c5199-d23d-4651-a566-8faa9a52f70a}</UniqueIdentifier>
    </Filter>
    <Filter Include="MU\Interface\ui">
      <UniqueIdentifier>{211b3ece-e00c-4dd0-8d38-04362dbc33fc}</UniqueIdentifier>
    </Filter>
    <Filter Include="MU\Interface\NewUI">
      <UniqueIdentifier>{6a68301a-bbcc-488d-8a17-775a2d1c3508}</UniqueIdentifier>
    </Filter>
    <Filter Include="MU\Interface\NewUI\EventMapUI">
      <UniqueIdentifier>{2f4e1f59-143d-4aa4-9172-f3826c950b96}</UniqueIdentifier>
    </Filter>
    <Filter Include="MU\Interface\NewUI\EventMapUI\CursedTemple">
      <UniqueIdentifier>{7b4f1476-ea1c-4a52-ab12-525fd94d7793}</UniqueIdentifier>
    </Filter>
    <Filter Include="MU\Interface\NewUI\EventMapUI\ChaosCastle">
      <UniqueIdentifier>{2adb5d67-33da-4482-a7d4-75e0306cb768}</UniqueIdentifier>
    </Filter>
    <Filter Include="MU\Interface\NewUI\EventMapUI\BloodCastle">
      <UniqueIdentifier>{10e09dd5-226c-4eb7-8295-c9442eafb6f6}</UniqueIdentifier>
    </Filter>
    <Filter Include="MU\Interface\NewUI\EventMapUI\KanturuEvent">
      <UniqueIdentifier>{539acb41-8b22-4ca1-bcc2-b9fca40c95de}</UniqueIdentifier>
    </Filter>
    <Filter Include="MU\Interface\NewUI\EventMapUI\DevilSquare">
      <UniqueIdentifier>{ecc33dbe-13ff-4b61-bb96-41a1589bac80}</UniqueIdentifier>
    </Filter>
    <Filter Include="MU\Interface\NewUI\EventMapUI\SiegeWar">
      <UniqueIdentifier>{95724c1a-41ae-4871-b8f5-fbc8ea213a73}</UniqueIdentifier>
    </Filter>
    <Filter Include="MU\Interface\NewUI\EventMapUI\CryWolf">
      <UniqueIdentifier>{8f0266f7-dd2e-48a7-b108-6d2df9acda27}</UniqueIdentifier>
    </Filter>
    <Filter Include="MU\Interface\NewUI\EventMapUI\DoppelGanger">
      <UniqueIdentifier>{ba1f1e8e-2fb6-4970-a833-19056f77f8a1}</UniqueIdentifier>
    </Filter>
    <Filter Include="MU\Interface\NewUI\EventMapUI\EmpireGuardian">
      <UniqueIdentifier>{10604ac8-4215-4268-a6b9-635d3facb4dd}</UniqueIdentifier>
    </Filter>
    <Filter Include="MU\Pet">
      <UniqueIdentifier>{46fe5a1f-b593-451d-80d2-3165204575e0}</UniqueIdentifier>
    </Filter>
    <Filter Include="MU\Pet\ActionExpress">
      <UniqueIdentifier>{224aa9bf-1534-4c8c-b21b-5bbb0e35f077}</UniqueIdentifier>
    </Filter>
    <Filter Include="External Object\time">
      <UniqueIdentifier>{5dbd88cd-af6b-4dfb-ae40-a22d53483be2}</UniqueIdentifier>
    </Filter>
    <Filter Include="MU\Network">
      <UniqueIdentifier>{b4fc75d3-8d4d-4ee7-9808-642e1adee74f}</UniqueIdentifier>
    </Filter>
    <Filter Include="MU\Network\proxy">
      <UniqueIdentifier>{cc4c6829-4399-4fce-830d-5b80979261dc}</UniqueIdentifier>
    </Filter>
    <Filter Include="MU\Network\proxy\receive">
      <UniqueIdentifier>{5c622a63-f68c-4288-8890-6e56cd846811}</UniqueIdentifier>
    </Filter>
    <Filter Include="MU\Network\proxy\send">
      <UniqueIdentifier>{8f14d950-b6dd-4b7f-b92f-798721b1a8a6}</UniqueIdentifier>
    </Filter>
    <Filter Include="MU\Network\ServerListSystem">
      <UniqueIdentifier>{44ff8e0b-a372-4491-9f06-ef26ce39b518}</UniqueIdentifier>
    </Filter>
    <Filter Include="MU\Client">
      <UniqueIdentifier>{112706dc-9dfe-4bf3-9bde-e4538b7897ba}</UniqueIdentifier>
    </Filter>
    <Filter Include="MU\Client\Header Files">
      <UniqueIdentifier>{9eb1c99e-df2a-4dd4-9f08-45fe8eb93ed8}</UniqueIdentifier>
      <Extensions>h;hpp;hxx;hm;inl</Extensions>
    </Filter>
    <Filter Include="MU\Client\info">
      <UniqueIdentifier>{b6aaf1fd-e912-4d8f-8ca0-0ce5de0c4743}</UniqueIdentifier>
    </Filter>
    <Filter Include="MU\Client\info\resource">
      <UniqueIdentifier>{80af241f-0009-4773-acf6-36b1a59934dd}</UniqueIdentifier>
    </Filter>
    <Filter Include="MU\Client\info\helper">
      <UniqueIdentifier>{0c236c0f-9c5b-4e86-8b0e-f4d310337389}</UniqueIdentifier>
    </Filter>
    <Filter Include="MU\Client\core">
      <UniqueIdentifier>{f9421654-994b-4a4b-8854-1718bc8b84db}</UniqueIdentifier>
    </Filter>
    <Filter Include="MU\Client\Source Files">
      <UniqueIdentifier>{c456f4dd-ca3d-4a2f-abcb-daaeb49a08eb}</UniqueIdentifier>
      <Extensions>cpp;c;cxx;rc;def;r;odl;idl;hpj;bat</Extensions>
    </Filter>
    <Filter Include="MU\GameShop">
      <UniqueIdentifier>{4f577537-fa2d-4509-9033-9007d088af78}</UniqueIdentifier>
    </Filter>
    <Filter Include="MU\GameShop\ShopListManager">
      <UniqueIdentifier>{b8b8eebf-befa-4656-bdf6-6f5d448fb133}</UniqueIdentifier>
    </Filter>
    <Filter Include="MU\GameShop\ShopListManager\interface">
      <UniqueIdentifier>{2fe902d0-1183-470f-b9d5-e1e9bea71655}</UniqueIdentifier>
    </Filter>
    <Filter Include="MU\GameShop\ShopListManager\interface\PathMethod">
      <UniqueIdentifier>{93f8336f-74b0-49c2-838e-81428cd29438}</UniqueIdentifier>
    </Filter>
    <Filter Include="MU\GameShop\ShopListManager\interface\WZResult">
      <UniqueIdentifier>{c7b6bebf-af2a-4105-88d2-64ee49dd3b60}</UniqueIdentifier>
    </Filter>
    <Filter Include="MU\GameShop\FileDownloader">
      <UniqueIdentifier>{f4ec21ed-5f9f-4112-9199-660f21fcdea5}</UniqueIdentifier>
    </Filter>
    <Filter Include="External Object\Leaf">
      <UniqueIdentifier>{3b92a23e-4343-428e-9736-2f625e9e74b4}</UniqueIdentifier>
    </Filter>
    <Filter Include="MU\Dotnet">
      <UniqueIdentifier>{b3403733-92ae-4eab-9619-948b4a78f0a5}</UniqueIdentifier>
    </Filter>
    <Filter Include="MU\MUHelper">
      <UniqueIdentifier>{a994719d-9ab7-43b4-8931-23acf72f699c}</UniqueIdentifier>
    </Filter>
  </ItemGroup>
  <ItemGroup>
    <Image Include="icon1.ico">
      <Filter>Resource Files</Filter>
    </Image>
    <Image Include="icon2.ico">
      <Filter>Resource Files</Filter>
    </Image>
  </ItemGroup>
  <ItemGroup>
    <ResourceCompile Include="resource.rc">
      <Filter>MU\Client\Source Files</Filter>
    </ResourceCompile>
  </ItemGroup>
  <ItemGroup>
    <ClCompile Include="CharInfoBalloonMng.cpp">
      <Filter>MU\Client\Source Files</Filter>
    </ClCompile>
    <ClCompile Include="Dotnet\PacketFunctions_ChatServer.cpp">
      <Filter>MU\Client\Source Files</Filter>
    </ClCompile>
    <ClCompile Include="Dotnet\PacketFunctions_ClientToServer.cpp">
      <Filter>MU\Client\Source Files</Filter>
    </ClCompile>
    <ClCompile Include="Dotnet\PacketFunctions_ConnectServer.cpp">
      <Filter>MU\Client\Source Files</Filter>
    </ClCompile>
    <ClCompile Include="Dotnet\PacketFunctions_Custom.cpp">
      <Filter>MU\Client\Source Files</Filter>
    </ClCompile>
    <ClCompile Include="MUHelper\MuHelper.cpp">
      <Filter>MU\Client\Source Files</Filter>
    </ClCompile>
    <ClCompile Include="MUHelper\MuHelperData.cpp">
      <Filter>MU\Client\Source Files</Filter>
    </ClCompile>
    <ClCompile Include="NewUI/InventoryExtension.cpp">
      <Filter>MU\Client\Source Files</Filter>
    </ClCompile>
    <ClCompile Include="BoneManager.cpp">
      <Filter>MU\Client\Source Files</Filter>
    </ClCompile>
    <ClCompile Include="Button.cpp">
      <Filter>MU\Client\Source Files</Filter>
    </ClCompile>
    <ClCompile Include="CameraMove.cpp">
      <Filter>MU\Client\Source Files</Filter>
    </ClCompile>
    <ClCompile Include="CBTMessageBox.cpp">
      <Filter>MU\Client\Source Files</Filter>
    </ClCompile>
    <ClCompile Include="CComGem.cpp">
      <Filter>MU\Client\Source Files</Filter>
    </ClCompile>
    <ClCompile Include="CDirection.cpp">
      <Filter>MU\Client\Source Files</Filter>
    </ClCompile>
    <ClCompile Include="ChangeRingManager.cpp">
      <Filter>MU\Client\Source Files</Filter>
    </ClCompile>
    <ClCompile Include="CharacterManager.cpp">
      <Filter>MU\Client\Source Files</Filter>
    </ClCompile>
    <ClCompile Include="CharInfoBalloon.cpp">
      <Filter>MU\Client\Source Files</Filter>
    </ClCompile>
    <ClCompile Include="CharMakeWin.cpp">
      <Filter>MU\Client\Source Files</Filter>
    </ClCompile>
    <ClCompile Include="CharSelMainWin.cpp">
      <Filter>MU\Client\Source Files</Filter>
    </ClCompile>
    <ClCompile Include="CKANTURUDirection.cpp">
      <Filter>MU\Client\Source Files</Filter>
    </ClCompile>
    <ClCompile Include="CMVP1stDirection.cpp">
      <Filter>MU\Client\Source Files</Filter>
    </ClCompile>
    <ClCompile Include="CreditWin.cpp">
      <Filter>MU\Client\Source Files</Filter>
    </ClCompile>
    <ClCompile Include="CSChaosCastle.cpp">
      <Filter>MU\Client\Source Files</Filter>
    </ClCompile>
    <ClCompile Include="CSEventMatch.cpp">
      <Filter>MU\Client\Source Files</Filter>
    </ClCompile>
    <ClCompile Include="CSItemOption.cpp">
      <Filter>MU\Client\Source Files</Filter>
    </ClCompile>
    <ClCompile Include="CSMapServer.cpp">
      <Filter>MU\Client\Source Files</Filter>
    </ClCompile>
    <ClCompile Include="CSParts.cpp">
      <Filter>MU\Client\Source Files</Filter>
    </ClCompile>
    <ClCompile Include="CSPetSystem.cpp">
      <Filter>MU\Client\Source Files</Filter>
    </ClCompile>
    <ClCompile Include="CSQuest.cpp">
      <Filter>MU\Client\Source Files</Filter>
    </ClCompile>
    <ClCompile Include="CSWaterTerrain.cpp">
      <Filter>MU\Client\Source Files</Filter>
    </ClCompile>
    <ClCompile Include="Dotnet\Connection.cpp">
      <Filter>MU\Client\Source Files</Filter>
    </ClCompile>
    <ClCompile Include="DSplaysound.cpp">
      <Filter>MU\Client\Source Files</Filter>
    </ClCompile>
    <ClCompile Include="DSwaveIO.cpp">
      <Filter>MU\Client\Source Files</Filter>
    </ClCompile>
    <ClCompile Include="DuelMgr.cpp">
      <Filter>MU\Client\Source Files</Filter>
    </ClCompile>
    <ClCompile Include="Event.cpp">
      <Filter>MU\Client\Source Files</Filter>
    </ClCompile>
    <ClCompile Include="ExternalObject\Leaf\xstreambuf.cpp">
      <Filter>MU\Client\Source Files</Filter>
    </ClCompile>
    <ClCompile Include="GambleSystem.cpp">
      <Filter>MU\Client\Source Files</Filter>
    </ClCompile>
    <ClCompile Include="GameShop\FileDownloader\DownloadInfo.cpp">
      <Filter>MU\Client\Source Files</Filter>
    </ClCompile>
    <ClCompile Include="GameShop\FileDownloader\FileDownloader.cpp">
      <Filter>MU\Client\Source Files</Filter>
    </ClCompile>
    <ClCompile Include="GameShop\FileDownloader\FTPConnecter.cpp">
      <Filter>MU\Client\Source Files</Filter>
    </ClCompile>
    <ClCompile Include="GameShop\FileDownloader\HTTPConnecter.cpp">
      <Filter>MU\Client\Source Files</Filter>
    </ClCompile>
    <ClCompile Include="GameShop\InGameShopSystem.cpp">
      <Filter>MU\Client\Source Files</Filter>
    </ClCompile>
    <ClCompile Include="GameShop\MsgBoxIGSBuyConfirm.cpp">
      <Filter>MU\Client\Source Files</Filter>
    </ClCompile>
    <ClCompile Include="GameShop\MsgBoxIGSBuyPackageItem.cpp">
      <Filter>MU\Client\Source Files</Filter>
    </ClCompile>
    <ClCompile Include="GameShop\MsgBoxIGSBuySelectItem.cpp">
      <Filter>MU\Client\Source Files</Filter>
    </ClCompile>
    <ClCompile Include="GameShop\MsgBoxIGSCommon.cpp">
      <Filter>MU\Client\Source Files</Filter>
    </ClCompile>
    <ClCompile Include="GameShop\MsgBoxIGSDeleteItemConfirm.cpp">
      <Filter>MU\Client\Source Files</Filter>
    </ClCompile>
    <ClCompile Include="GameShop\MsgBoxIGSGiftStorageItemInfo.cpp">
      <Filter>MU\Client\Source Files</Filter>
    </ClCompile>
    <ClCompile Include="GameShop\MsgBoxIGSSendGift.cpp">
      <Filter>MU\Client\Source Files</Filter>
    </ClCompile>
    <ClCompile Include="GameShop\MsgBoxIGSSendGiftConfirm.cpp">
      <Filter>MU\Client\Source Files</Filter>
    </ClCompile>
    <ClCompile Include="GameShop\MsgBoxIGSStorageItemInfo.cpp">
      <Filter>MU\Client\Source Files</Filter>
    </ClCompile>
    <ClCompile Include="GameShop\MsgBoxIGSUseBuffConfirm.cpp">
      <Filter>MU\Client\Source Files</Filter>
    </ClCompile>
    <ClCompile Include="GameShop\MsgBoxIGSUseItemConfirm.cpp">
      <Filter>MU\Client\Source Files</Filter>
    </ClCompile>
    <ClCompile Include="NewUI/InGameShop.cpp">
      <Filter>MU\Client\Source Files</Filter>
    </ClCompile>
    <ClCompile Include="GameShop\ShopListManager\BannerInfo.cpp">
      <Filter>MU\Client\Source Files</Filter>
    </ClCompile>
    <ClCompile Include="GameShop\ShopListManager\BannerInfoList.cpp">
      <Filter>MU\Client\Source Files</Filter>
    </ClCompile>
    <ClCompile Include="GameShop\ShopListManager\BannerListManager.cpp">
      <Filter>MU\Client\Source Files</Filter>
    </ClCompile>
    <ClCompile Include="GameShop\ShopListManager\FTPFileDownLoader.cpp">
      <Filter>MU\Client\Source Files</Filter>
    </ClCompile>
    <ClCompile Include="GameShop\ShopListManager\interface\PathMethod\Path.cpp">
      <Filter>MU\Client\Source Files</Filter>
    </ClCompile>
    <ClCompile Include="GameShop\ShopListManager\interface\WZResult\WZResult.cpp">
      <Filter>MU\Client\Source Files</Filter>
    </ClCompile>
    <ClCompile Include="GameShop\ShopListManager\ListManager.cpp">
      <Filter>MU\Client\Source Files</Filter>
    </ClCompile>
    <ClCompile Include="GameShop\ShopListManager\ShopCategory.cpp">
      <Filter>MU\Client\Source Files</Filter>
    </ClCompile>
    <ClCompile Include="GameShop\ShopListManager\ShopCategoryList.cpp">
      <Filter>MU\Client\Source Files</Filter>
    </ClCompile>
    <ClCompile Include="GameShop\ShopListManager\ShopList.cpp">
      <Filter>MU\Client\Source Files</Filter>
    </ClCompile>
    <ClCompile Include="GameShop\ShopListManager\ShopListManager.cpp">
      <Filter>MU\Client\Source Files</Filter>
    </ClCompile>
    <ClCompile Include="GameShop\ShopListManager\ShopPackage.cpp">
      <Filter>MU\Client\Source Files</Filter>
    </ClCompile>
    <ClCompile Include="GameShop\ShopListManager\ShopPackageList.cpp">
      <Filter>MU\Client\Source Files</Filter>
    </ClCompile>
    <ClCompile Include="GameShop\ShopListManager\ShopProduct.cpp">
      <Filter>MU\Client\Source Files</Filter>
    </ClCompile>
    <ClCompile Include="GameShop\ShopListManager\ShopProductList.cpp">
      <Filter>MU\Client\Source Files</Filter>
    </ClCompile>
    <ClCompile Include="GameShop\ShopListManager\StringMethod.cpp">
      <Filter>MU\Client\Source Files</Filter>
    </ClCompile>
    <ClCompile Include="GameShop\ShopListManager\StringToken.cpp">
      <Filter>MU\Client\Source Files</Filter>
    </ClCompile>
    <ClCompile Include="GaugeBar.cpp">
      <Filter>MU\Client\Source Files</Filter>
    </ClCompile>
    <ClCompile Include="GIPetManager.cpp">
      <Filter>MU\Client\Source Files</Filter>
    </ClCompile>
    <ClCompile Include="GlobalBitmap.cpp">
      <Filter>MU\Client\Source Files</Filter>
    </ClCompile>
    <ClCompile Include="GM3rdChangeUp.cpp">
      <Filter>MU\Client\Source Files</Filter>
    </ClCompile>
    <ClCompile Include="GMAida.cpp">
      <Filter>MU\Client\Source Files</Filter>
    </ClCompile>
    <ClCompile Include="GMBattleCastle.cpp">
      <Filter>MU\Client\Source Files</Filter>
    </ClCompile>
    <ClCompile Include="GMCryingWolf2nd.cpp">
      <Filter>MU\Client\Source Files</Filter>
    </ClCompile>
    <ClCompile Include="GMCrywolf1st.cpp">
      <Filter>MU\Client\Source Files</Filter>
    </ClCompile>
    <ClCompile Include="GMDoppelGanger1.cpp">
      <Filter>MU\Client\Source Files</Filter>
    </ClCompile>
    <ClCompile Include="GMDoppelGanger2.cpp">
      <Filter>MU\Client\Source Files</Filter>
    </ClCompile>
    <ClCompile Include="GMDoppelGanger3.cpp">
      <Filter>MU\Client\Source Files</Filter>
    </ClCompile>
    <ClCompile Include="GMDoppelGanger4.cpp">
      <Filter>MU\Client\Source Files</Filter>
    </ClCompile>
    <ClCompile Include="GMDuelArena.cpp">
      <Filter>MU\Client\Source Files</Filter>
    </ClCompile>
    <ClCompile Include="GMEmpireGuardian1.cpp">
      <Filter>MU\Client\Source Files</Filter>
    </ClCompile>
    <ClCompile Include="GMEmpireGuardian2.cpp">
      <Filter>MU\Client\Source Files</Filter>
    </ClCompile>
    <ClCompile Include="GMEmpireGuardian3.cpp">
      <Filter>MU\Client\Source Files</Filter>
    </ClCompile>
    <ClCompile Include="GMEmpireGuardian4.cpp">
      <Filter>MU\Client\Source Files</Filter>
    </ClCompile>
    <ClCompile Include="GMHellas.cpp">
      <Filter>MU\Client\Source Files</Filter>
    </ClCompile>
    <ClCompile Include="GMHuntingGround.cpp">
      <Filter>MU\Client\Source Files</Filter>
    </ClCompile>
    <ClCompile Include="GMKarutan1.cpp">
      <Filter>MU\Client\Source Files</Filter>
    </ClCompile>
    <ClCompile Include="GMNewTown.cpp">
      <Filter>MU\Client\Source Files</Filter>
    </ClCompile>
    <ClCompile Include="GMSantaTown.cpp">
      <Filter>MU\Client\Source Files</Filter>
    </ClCompile>
    <ClCompile Include="GMSwampOfQuiet.cpp">
      <Filter>MU\Client\Source Files</Filter>
    </ClCompile>
    <ClCompile Include="GMUnitedMarketPlace.cpp">
      <Filter>MU\Client\Source Files</Filter>
    </ClCompile>
    <ClCompile Include="GM_kanturu_1st.cpp">
      <Filter>MU\Client\Source Files</Filter>
    </ClCompile>
    <ClCompile Include="GM_Kanturu_2nd.cpp">
      <Filter>MU\Client\Source Files</Filter>
    </ClCompile>
    <ClCompile Include="GM_Kanturu_3rd.cpp">
      <Filter>MU\Client\Source Files</Filter>
    </ClCompile>
    <ClCompile Include="GM_PK_Field.cpp">
      <Filter>MU\Client\Source Files</Filter>
    </ClCompile>
    <ClCompile Include="GM_Raklion.cpp">
      <Filter>MU\Client\Source Files</Filter>
    </ClCompile>
    <ClCompile Include="GOBoid.cpp">
      <Filter>MU\Client\Source Files</Filter>
    </ClCompile>
    <ClCompile Include="GuildCache.cpp">
      <Filter>MU\Client\Source Files</Filter>
    </ClCompile>
    <ClCompile Include="Input.cpp">
      <Filter>MU\Client\Source Files</Filter>
    </ClCompile>
    <ClCompile Include="ItemAddOptioninfo.cpp">
      <Filter>MU\Client\Source Files</Filter>
    </ClCompile>
    <ClCompile Include="ItemManager.cpp">
      <Filter>MU\Client\Source Files</Filter>
    </ClCompile>
    <ClCompile Include="KeyGenerater.cpp">
      <Filter>MU\Client\Source Files</Filter>
    </ClCompile>
    <ClCompile Include="LoadData.cpp">
      <Filter>MU\Client\Source Files</Filter>
    </ClCompile>
    <ClCompile Include="LoadingScene.cpp">
      <Filter>MU\Client\Source Files</Filter>
    </ClCompile>
    <ClCompile Include="Local.cpp">
      <Filter>MU\Client\Source Files</Filter>
    </ClCompile>
    <ClCompile Include="LoginMainWin.cpp">
      <Filter>MU\Client\Source Files</Filter>
    </ClCompile>
    <ClCompile Include="LoginWin.cpp">
      <Filter>MU\Client\Source Files</Filter>
    </ClCompile>
    <ClCompile Include="MapManager.cpp">
      <Filter>MU\Client\Source Files</Filter>
    </ClCompile>
    <ClCompile Include="MatchEvent.cpp">
      <Filter>MU\Client\Source Files</Filter>
    </ClCompile>
    <ClCompile Include="Math\ZzzMathLib.cpp">
      <Filter>MU\Client\Source Files</Filter>
    </ClCompile>
    <ClCompile Include="MixMgr.cpp">
      <Filter>MU\Client\Source Files</Filter>
    </ClCompile>
    <ClCompile Include="MonkSystem.cpp">
      <Filter>MU\Client\Source Files</Filter>
    </ClCompile>
    <ClCompile Include="MoveCommandData.cpp">
      <Filter>MU\Client\Source Files</Filter>
    </ClCompile>
    <ClCompile Include="MsgWin.cpp">
      <Filter>MU\Client\Source Files</Filter>
    </ClCompile>
    <ClCompile Include="MultiLanguage.cpp">
      <Filter>MU\Client\Source Files</Filter>
    </ClCompile>
    <ClCompile Include="NewBloodCastleSystem.cpp">
      <Filter>MU\Client\Source Files</Filter>
    </ClCompile>
    <ClCompile Include="NewChaosCastleSystem.cpp">
      <Filter>MU\Client\Source Files</Filter>
    </ClCompile>
    <ClCompile Include="NewUI\3DRenderMng.cpp">
      <Filter>MU\Client\Source Files</Filter>
    </ClCompile>
    <ClCompile Include="NewUI\BattleSoccerScore.cpp">
      <Filter>MU\Client\Source Files</Filter>
    </ClCompile>
    <ClCompile Include="NewUI\BloodCastleEnter.cpp">
      <Filter>MU\Client\Source Files</Filter>
    </ClCompile>
    <ClCompile Include="NewUI\BloodCastleTime.cpp">
      <Filter>MU\Client\Source Files</Filter>
    </ClCompile>
    <ClCompile Include="NewUI\BuffWindow.cpp">
      <Filter>MU\Client\Source Files</Filter>
    </ClCompile>
    <ClCompile Include="NewUI\Button.cpp">
      <Filter>MU\Client\Source Files</Filter>
    </ClCompile>
    <ClCompile Include="NewUI\CastleWindow.cpp">
      <Filter>MU\Client\Source Files</Filter>
    </ClCompile>
    <ClCompile Include="NewUI\CatapultWindow.cpp">
      <Filter>MU\Client\Source Files</Filter>
    </ClCompile>
    <ClCompile Include="NewUI\ChaosCastleTime.cpp">
      <Filter>MU\Client\Source Files</Filter>
    </ClCompile>
    <ClCompile Include="NewUI\CharacterInfoWindow.cpp">
      <Filter>MU\Client\Source Files</Filter>
    </ClCompile>
    <ClCompile Include="NewUI\ChatInputBox.cpp">
      <Filter>MU\Client\Source Files</Filter>
    </ClCompile>
    <ClCompile Include="NewUI\ChatLogWindow.cpp">
      <Filter>MU\Client\Source Files</Filter>
    </ClCompile>
    <ClCompile Include="NewUI\CommandWindow.cpp">
      <Filter>MU\Client\Source Files</Filter>
    </ClCompile>
    <ClCompile Include="NewUI\Common.cpp">
      <Filter>MU\Client\Source Files</Filter>
    </ClCompile>
    <ClCompile Include="NewUI\CommonMessageBox.cpp">
      <Filter>MU\Client\Source Files</Filter>
    </ClCompile>
    <ClCompile Include="NewUI\CryWolf.cpp">
      <Filter>MU\Client\Source Files</Filter>
    </ClCompile>
    <ClCompile Include="NewUI\CursedTempleEnter.cpp">
      <Filter>MU\Client\Source Files</Filter>
    </ClCompile>
    <ClCompile Include="NewUI\CursedTempleResult.cpp">
      <Filter>MU\Client\Source Files</Filter>
    </ClCompile>
    <ClCompile Include="NewUI\CursedTempleSystem.cpp">
      <Filter>MU\Client\Source Files</Filter>
    </ClCompile>
    <ClCompile Include="NewUI\CustomMessageBox.cpp">
      <Filter>MU\Client\Source Files</Filter>
    </ClCompile>
    <ClCompile Include="NewUI\DoppelGangerFrame.cpp">
      <Filter>MU\Client\Source Files</Filter>
    </ClCompile>
    <ClCompile Include="NewUI\DoppelGangerWindow.cpp">
      <Filter>MU\Client\Source Files</Filter>
    </ClCompile>
    <ClCompile Include="NewUI\DuelWatchMainFrameWindow.cpp">
      <Filter>MU\Client\Source Files</Filter>
    </ClCompile>
    <ClCompile Include="NewUI\DuelWatchUserListWindow.cpp">
      <Filter>MU\Client\Source Files</Filter>
    </ClCompile>
    <ClCompile Include="NewUI\DuelWatchWindow.cpp">
      <Filter>MU\Client\Source Files</Filter>
    </ClCompile>
    <ClCompile Include="NewUI\DuelWindow.cpp">
      <Filter>MU\Client\Source Files</Filter>
    </ClCompile>
    <ClCompile Include="NewUI\EmpireGuardianNPC.cpp">
      <Filter>MU\Client\Source Files</Filter>
    </ClCompile>
    <ClCompile Include="NewUI\EmpireGuardianTimer.cpp">
      <Filter>MU\Client\Source Files</Filter>
    </ClCompile>
    <ClCompile Include="NewUI\EnterDevilSquare.cpp">
      <Filter>MU\Client\Source Files</Filter>
    </ClCompile>
    <ClCompile Include="NewUI\ExchangeLuckyCoin.cpp">
      <Filter>MU\Client\Source Files</Filter>
    </ClCompile>
    <ClCompile Include="NewUI\FriendWindow.cpp">
      <Filter>MU\Client\Source Files</Filter>
    </ClCompile>
    <ClCompile Include="NewUI\GatemanWindow.cpp">
      <Filter>MU\Client\Source Files</Filter>
    </ClCompile>
    <ClCompile Include="NewUI\GateSwitchWindow.cpp">
      <Filter>MU\Client\Source Files</Filter>
    </ClCompile>
    <ClCompile Include="NewUI\GensRanking.cpp">
      <Filter>MU\Client\Source Files</Filter>
    </ClCompile>
    <ClCompile Include="NewUI\GoldBowmanLena.cpp">
      <Filter>MU\Client\Source Files</Filter>
    </ClCompile>
    <ClCompile Include="NewUI\GoldBowmanWindow.cpp">
      <Filter>MU\Client\Source Files</Filter>
    </ClCompile>
    <ClCompile Include="NewUI\Group.cpp">
      <Filter>MU\Client\Source Files</Filter>
    </ClCompile>
    <ClCompile Include="NewUI\GuardWindow.cpp">
      <Filter>MU\Client\Source Files</Filter>
    </ClCompile>
    <ClCompile Include="NewUI\GuildInfoWindow.cpp">
      <Filter>MU\Client\Source Files</Filter>
    </ClCompile>
    <ClCompile Include="NewUI\GuildMakeWindow.cpp">
      <Filter>MU\Client\Source Files</Filter>
    </ClCompile>
    <ClCompile Include="NewUI\HelpWindow.cpp">
      <Filter>MU\Client\Source Files</Filter>
    </ClCompile>
    <ClCompile Include="NewUI\HeroPositionInfo.cpp">
      <Filter>MU\Client\Source Files</Filter>
    </ClCompile>
    <ClCompile Include="NewUI\HotKey.cpp">
      <Filter>MU\Client\Source Files</Filter>
    </ClCompile>
    <ClCompile Include="NewUI\InventoryCtrl.cpp">
      <Filter>MU\Client\Source Files</Filter>
    </ClCompile>
    <ClCompile Include="NewUI\ItemEnduranceInfo.cpp">
      <Filter>MU\Client\Source Files</Filter>
    </ClCompile>
    <ClCompile Include="NewUI\ItemExplanationWindow.cpp">
      <Filter>MU\Client\Source Files</Filter>
    </ClCompile>
    <ClCompile Include="NewUI\ItemMng.cpp">
      <Filter>MU\Client\Source Files</Filter>
    </ClCompile>
    <ClCompile Include="NewUI\KanturuEvent.cpp">
      <Filter>MU\Client\Source Files</Filter>
    </ClCompile>
    <ClCompile Include="NewUI\LuckyItemWnd.cpp">
      <Filter>MU\Client\Source Files</Filter>
    </ClCompile>
    <ClCompile Include="NewUI\MainFrameWindow.cpp">
      <Filter>MU\Client\Source Files</Filter>
    </ClCompile>
    <ClCompile Include="NewUI\Manager.cpp">
      <Filter>MU\Client\Source Files</Filter>
    </ClCompile>
    <ClCompile Include="NewUI\MasterLevel.cpp">
      <Filter>MU\Client\Source Files</Filter>
    </ClCompile>
    <ClCompile Include="NewUI\MessageBox.cpp">
      <Filter>MU\Client\Source Files</Filter>
    </ClCompile>
    <ClCompile Include="NewUI\MiniMap.cpp">
      <Filter>MU\Client\Source Files</Filter>
    </ClCompile>
    <ClCompile Include="NewUI\MixInventory.cpp">
      <Filter>MU\Client\Source Files</Filter>
    </ClCompile>
    <ClCompile Include="NewUI\MoveCommandWindow.cpp">
      <Filter>MU\Client\Source Files</Filter>
    </ClCompile>
    <ClCompile Include="NewUI\MuHelper.cpp">
      <Filter>MU\Client\Source Files</Filter>
    </ClCompile>
    <ClCompile Include="NewUI\MyInventory.cpp">
      <Filter>MU\Client\Source Files</Filter>
    </ClCompile>
    <ClCompile Include="NewUI\MyQuestInfoWindow.cpp">
      <Filter>MU\Client\Source Files</Filter>
    </ClCompile>
    <ClCompile Include="NewUI\MyShopInventory.cpp">
      <Filter>MU\Client\Source Files</Filter>
    </ClCompile>
    <ClCompile Include="NewUI\NameWindow.cpp">
      <Filter>MU\Client\Source Files</Filter>
    </ClCompile>
    <ClCompile Include="NewUI\NPCDialogue.cpp">
      <Filter>MU\Client\Source Files</Filter>
    </ClCompile>
    <ClCompile Include="NewUI\NPCQuest.cpp">
      <Filter>MU\Client\Source Files</Filter>
    </ClCompile>
    <ClCompile Include="NewUI\NPCShop.cpp">
      <Filter>MU\Client\Source Files</Filter>
    </ClCompile>
    <ClCompile Include="NewUI\OptionWindow.cpp">
      <Filter>MU\Client\Source Files</Filter>
    </ClCompile>
    <ClCompile Include="NewUI\PartyInfoWindow.cpp">
      <Filter>MU\Client\Source Files</Filter>
    </ClCompile>
    <ClCompile Include="NewUI\PartyListWindow.cpp">
      <Filter>MU\Client\Source Files</Filter>
    </ClCompile>
    <ClCompile Include="NewUI\PetInfoWindow.cpp">
      <Filter>MU\Client\Source Files</Filter>
    </ClCompile>
    <ClCompile Include="NewUI\PurchaseShopInventory.cpp">
      <Filter>MU\Client\Source Files</Filter>
    </ClCompile>
    <ClCompile Include="NewUI\QuestProgress.cpp">
      <Filter>MU\Client\Source Files</Filter>
    </ClCompile>
    <ClCompile Include="NewUI\QuestProgressByEtc.cpp">
      <Filter>MU\Client\Source Files</Filter>
    </ClCompile>
    <ClCompile Include="NewUI\QuickCommandWindow.cpp">
      <Filter>MU\Client\Source Files</Filter>
    </ClCompile>
    <ClCompile Include="NewUI\RegistrationLuckyCoin.cpp">
      <Filter>MU\Client\Source Files</Filter>
    </ClCompile>
    <ClCompile Include="NewUI\RenderNumber.cpp">
      <Filter>MU\Client\Source Files</Filter>
    </ClCompile>
    <ClCompile Include="NewUI\ScrollBar.cpp">
      <Filter>MU\Client\Source Files</Filter>
    </ClCompile>
    <ClCompile Include="NewUI\SeigeWarfare.cpp">
      <Filter>MU\Client\Source Files</Filter>
    </ClCompile>
    <ClCompile Include="NewUI\SetItemExplanation.cpp">
      <Filter>MU\Client\Source Files</Filter>
    </ClCompile>
    <ClCompile Include="NewUI\SiegeWarBase.cpp">
      <Filter>MU\Client\Source Files</Filter>
    </ClCompile>
    <ClCompile Include="NewUI\SiegeWarCommander.cpp">
      <Filter>MU\Client\Source Files</Filter>
    </ClCompile>
    <ClCompile Include="NewUI\SiegeWarObserver.cpp">
      <Filter>MU\Client\Source Files</Filter>
    </ClCompile>
    <ClCompile Include="NewUI\SiegeWarSoldier.cpp">
      <Filter>MU\Client\Source Files</Filter>
    </ClCompile>
    <ClCompile Include="NewUI\SlideWindow.cpp">
      <Filter>MU\Client\Source Files</Filter>
    </ClCompile>
    <ClCompile Include="NewUI\StorageInventory.cpp">
      <Filter>MU\Client\Source Files</Filter>
    </ClCompile>
    <ClCompile Include="NewUI\StorageInventoryExt.cpp">
      <Filter>MU\Client\Source Files</Filter>
    </ClCompile>
    <ClCompile Include="NewUI\System.cpp">
      <Filter>MU\Client\Source Files</Filter>
    </ClCompile>
    <ClCompile Include="NewUI\TextBox.cpp">
      <Filter>MU\Client\Source Files</Filter>
    </ClCompile>
    <ClCompile Include="NewUI\Trade.cpp">
      <Filter>MU\Client\Source Files</Filter>
    </ClCompile>
    <ClCompile Include="NewUI\UnitedMarketPlaceWindow.cpp">
      <Filter>MU\Client\Source Files</Filter>
    </ClCompile>
    <ClCompile Include="NewUI\WindowMenu.cpp">
      <Filter>MU\Client\Source Files</Filter>
    </ClCompile>
    <ClCompile Include="npcBreeder.cpp">
      <Filter>MU\Client\Source Files</Filter>
    </ClCompile>
    <ClCompile Include="npcCatapult.cpp">
      <Filter>MU\Client\Source Files</Filter>
    </ClCompile>
    <ClCompile Include="npcGateSwitch.cpp">
      <Filter>MU\Client\Source Files</Filter>
    </ClCompile>
    <ClCompile Include="Observer.cpp">
      <Filter>MU\Client\Source Files</Filter>
    </ClCompile>
    <ClCompile Include="OptionWin.cpp">
      <Filter>MU\Client\Source Files</Filter>
    </ClCompile>
    <ClCompile Include="PartyManager.cpp">
      <Filter>MU\Client\Source Files</Filter>
    </ClCompile>
    <ClCompile Include="PersonalShopTitleImp.cpp">
      <Filter>MU\Client\Source Files</Filter>
    </ClCompile>
    <ClCompile Include="PhysicsManager.cpp">
      <Filter>MU\Client\Source Files</Filter>
    </ClCompile>
    <ClCompile Include="PList.cpp">
      <Filter>MU\Client\Source Files</Filter>
    </ClCompile>
    <ClCompile Include="PortalMgr.cpp">
      <Filter>MU\Client\Source Files</Filter>
    </ClCompile>
    <ClCompile Include="QuestMng.cpp">
      <Filter>MU\Client\Source Files</Filter>
    </ClCompile>
    <ClCompile Include="ServerGroup.cpp">
      <Filter>MU\Client\Source Files</Filter>
    </ClCompile>
    <ClCompile Include="ServerInfo.cpp">
      <Filter>MU\Client\Source Files</Filter>
    </ClCompile>
    <ClCompile Include="ServerListManager.cpp">
      <Filter>MU\Client\Source Files</Filter>
    </ClCompile>
    <ClCompile Include="ServerMsgWin.cpp">
      <Filter>MU\Client\Source Files</Filter>
    </ClCompile>
    <ClCompile Include="ServerSelWin.cpp">
      <Filter>MU\Client\Source Files</Filter>
    </ClCompile>
    <ClCompile Include="ShadowVolume.cpp">
      <Filter>MU\Client\Source Files</Filter>
    </ClCompile>
    <ClCompile Include="SideHair.cpp">
      <Filter>MU\Client\Source Files</Filter>
    </ClCompile>
    <ClCompile Include="SkillEffectMgr.cpp">
      <Filter>MU\Client\Source Files</Filter>
    </ClCompile>
    <ClCompile Include="SkillManager.cpp">
      <Filter>MU\Client\Source Files</Filter>
    </ClCompile>
    <ClCompile Include="Slider.cpp">
      <Filter>MU\Client\Source Files</Filter>
    </ClCompile>
    <ClCompile Include="SMD.cpp">
      <Filter>MU\Client\Source Files</Filter>
    </ClCompile>
    <ClCompile Include="SMD2BMD.cpp">
      <Filter>MU\Client\Source Files</Filter>
    </ClCompile>
    <ClCompile Include="SocketSystem.cpp">
      <Filter>MU\Client\Source Files</Filter>
    </ClCompile>
    <ClCompile Include="Sprite.cpp">
      <Filter>MU\Client\Source Files</Filter>
    </ClCompile>
    <ClCompile Include="StdAfx.cpp">
      <Filter>MU\Client\Source Files</Filter>
    </ClCompile>
    <ClCompile Include="SummonSystem.cpp">
      <Filter>MU\Client\Source Files</Filter>
    </ClCompile>
    <ClCompile Include="SysMenuWin.cpp">
      <Filter>MU\Client\Source Files</Filter>
    </ClCompile>
    <ClCompile Include="TextureScript.cpp">
      <Filter>MU\Client\Source Files</Filter>
    </ClCompile>
    <ClCompile Include="Time\CTimCheck.cpp">
      <Filter>MU\Client\Source Files</Filter>
    </ClCompile>
    <ClCompile Include="Time\Timer.cpp">
      <Filter>MU\Client\Source Files</Filter>
    </ClCompile>
    <ClCompile Include="UIControls.cpp">
      <Filter>MU\Client\Source Files</Filter>
    </ClCompile>
    <ClCompile Include="UIDefaultBase.cpp">
      <Filter>MU\Client\Source Files</Filter>
    </ClCompile>
    <ClCompile Include="UIGateKeeper.cpp">
      <Filter>MU\Client\Source Files</Filter>
    </ClCompile>
    <ClCompile Include="UIGuardsMan.cpp">
      <Filter>MU\Client\Source Files</Filter>
    </ClCompile>
    <ClCompile Include="UIGuildInfo.cpp">
      <Filter>MU\Client\Source Files</Filter>
    </ClCompile>
    <ClCompile Include="UIGuildMaster.cpp">
      <Filter>MU\Client\Source Files</Filter>
    </ClCompile>
    <ClCompile Include="UIJewelHarmony.cpp">
      <Filter>MU\Client\Source Files</Filter>
    </ClCompile>
    <ClCompile Include="UIManager.cpp">
      <Filter>MU\Client\Source Files</Filter>
    </ClCompile>
    <ClCompile Include="UIMapName.cpp">
      <Filter>MU\Client\Source Files</Filter>
    </ClCompile>
    <ClCompile Include="UIMng.cpp">
      <Filter>MU\Client\Source Files</Filter>
    </ClCompile>
    <ClCompile Include="UIPopup.cpp">
      <Filter>MU\Client\Source Files</Filter>
    </ClCompile>
    <ClCompile Include="UISenatus.cpp">
      <Filter>MU\Client\Source Files</Filter>
    </ClCompile>
    <ClCompile Include="UIWindows.cpp">
      <Filter>MU\Client\Source Files</Filter>
    </ClCompile>
    <ClCompile Include="UsefulDef.cpp">
      <Filter>MU\Client\Source Files</Filter>
    </ClCompile>
    <ClCompile Include="Utilities\CpuUsage.cpp">
      <Filter>MU\Client\Source Files</Filter>
    </ClCompile>
    <ClCompile Include="Utilities\Log\ErrorReport.cpp">
      <Filter>MU\Client\Source Files</Filter>
    </ClCompile>
    <ClCompile Include="Utilities\Log\muConsoleDebug.cpp">
      <Filter>MU\Client\Source Files</Filter>
    </ClCompile>
    <ClCompile Include="Utilities\Log\WindowsConsole.cpp">
      <Filter>MU\Client\Source Files</Filter>
    </ClCompile>
    <ClCompile Include="Win.cpp">
      <Filter>MU\Client\Source Files</Filter>
    </ClCompile>
    <ClCompile Include="WinEx.cpp">
      <Filter>MU\Client\Source Files</Filter>
    </ClCompile>
    <ClCompile Include="Winmain.cpp">
      <Filter>MU\Client\Source Files</Filter>
    </ClCompile>
    <ClCompile Include="WSclient.cpp">
      <Filter>MU\Client\Source Files</Filter>
    </ClCompile>
    <ClCompile Include="Game\Core\w_BasePet.cpp">
      <Filter>MU\Client\Source Files</Filter>
    </ClCompile>
    <ClCompile Include="Game\Core\w_Buff.cpp">
      <Filter>MU\Client\Source Files</Filter>
    </ClCompile>
    <ClCompile Include="Game\Core\w_BuffScriptLoader.cpp">
      <Filter>MU\Client\Source Files</Filter>
    </ClCompile>
    <ClCompile Include="Game\Core\w_BuffStateSystem.cpp">
      <Filter>MU\Client\Source Files</Filter>
    </ClCompile>
    <ClCompile Include="Game\Core\w_BuffStateValueControl.cpp">
      <Filter>MU\Client\Source Files</Filter>
    </ClCompile>
    <ClCompile Include="Game\Core\w_BuffTimeControl.cpp">
      <Filter>MU\Client\Source Files</Filter>
    </ClCompile>
    <ClCompile Include="Game\Core\w_CharacterInfo.cpp">
      <Filter>MU\Client\Source Files</Filter>
    </ClCompile>
    <ClCompile Include="Game\Core\w_CursedTemple.cpp">
      <Filter>MU\Client\Source Files</Filter>
    </ClCompile>
    <ClCompile Include="Game\Core\w_MapProcess.cpp">
      <Filter>MU\Client\Source Files</Filter>
    </ClCompile>
    <ClCompile Include="Game\Core\w_ObjectInfo.cpp">
      <Filter>MU\Client\Source Files</Filter>
    </ClCompile>
    <ClCompile Include="Game\Core\w_PetActionCollecter.cpp">
      <Filter>MU\Client\Source Files</Filter>
    </ClCompile>
    <ClCompile Include="Game\Core\w_PetActionCollecter_Add.cpp">
      <Filter>MU\Client\Source Files</Filter>
    </ClCompile>
    <ClCompile Include="Game\Core\w_PetActionDemon.cpp">
      <Filter>MU\Client\Source Files</Filter>
    </ClCompile>
    <ClCompile Include="Game\Core\w_PetActionRound.cpp">
      <Filter>MU\Client\Source Files</Filter>
    </ClCompile>
    <ClCompile Include="Game\Core\w_PetActionStand.cpp">
      <Filter>MU\Client\Source Files</Filter>
    </ClCompile>
    <ClCompile Include="Game\Core\w_PetActionUnicorn.cpp">
      <Filter>MU\Client\Source Files</Filter>
    </ClCompile>
    <ClCompile Include="Game\Core\w_PetProcess.cpp">
      <Filter>MU\Client\Source Files</Filter>
    </ClCompile>
    <ClCompile Include="Game\Engine\ZzzAI.cpp">
      <Filter>MU\Client\Source Files</Filter>
    </ClCompile>
    <ClCompile Include="Game\Engine\ZzzBMD.cpp">
      <Filter>MU\Client\Source Files</Filter>
    </ClCompile>
    <ClCompile Include="Game\Engine\ZzzCharacter.cpp">
      <Filter>MU\Client\Source Files</Filter>
    </ClCompile>
    <ClCompile Include="Game\Engine\ZzzEffect.cpp">
      <Filter>MU\Client\Source Files</Filter>
    </ClCompile>
    <ClCompile Include="Game\Engine\ZzzEffectBlurSpark.cpp">
      <Filter>MU\Client\Source Files</Filter>
    </ClCompile>
    <ClCompile Include="Game\Engine\ZzzEffectFireLeave.cpp">
      <Filter>MU\Client\Source Files</Filter>
    </ClCompile>
    <ClCompile Include="Game\Engine\ZzzEffectJoint.cpp">
      <Filter>MU\Client\Source Files</Filter>
    </ClCompile>
    <ClCompile Include="Game\Engine\ZzzEffectMagicSkill.cpp">
      <Filter>MU\Client\Source Files</Filter>
    </ClCompile>
    <ClCompile Include="Game\Engine\ZzzEffectParticle.cpp">
      <Filter>MU\Client\Source Files</Filter>
    </ClCompile>
    <ClCompile Include="Game\Engine\ZzzEffectPoint.cpp">
      <Filter>MU\Client\Source Files</Filter>
    </ClCompile>
    <ClCompile Include="Game\Engine\ZzzEffectPointer.cpp">
      <Filter>MU\Client\Source Files</Filter>
    </ClCompile>
    <ClCompile Include="Game\Engine\zzzeffectsprite.cpp">
      <Filter>MU\Client\Source Files</Filter>
    </ClCompile>
    <ClCompile Include="Game\Engine\ZzzInfomation.cpp">
      <Filter>MU\Client\Source Files</Filter>
    </ClCompile>
    <ClCompile Include="Game\Engine\ZzzInterface.cpp">
      <Filter>MU\Client\Source Files</Filter>
    </ClCompile>
    <ClCompile Include="Game\Engine\ZzzInventory.cpp">
      <Filter>MU\Client\Source Files</Filter>
    </ClCompile>
    <ClCompile Include="Game\Engine\ZzzLodTerrain.cpp">
      <Filter>MU\Client\Source Files</Filter>
    </ClCompile>
    <ClCompile Include="Game\Engine\ZzzObject.cpp">
      <Filter>MU\Client\Source Files</Filter>
    </ClCompile>
    <ClCompile Include="Game\Engine\ZzzOpenData.cpp">
      <Filter>MU\Client\Source Files</Filter>
    </ClCompile>
    <ClCompile Include="Random.cpp">
      <Filter>MU\Client\Source Files</Filter>
    </ClCompile>
    <ClCompile Include="Game\Engine\ZzzOpenglUtil.cpp">
      <Filter>MU\Client\Source Files</Filter>
    </ClCompile>
    <ClCompile Include="Game\Engine\zzzpath.cpp">
      <Filter>MU\Client\Source Files</Filter>
    </ClCompile>
    <ClCompile Include="Game\Engine\ZzzScene.cpp">
      <Filter>MU\Client\Source Files</Filter>
    </ClCompile>
    <ClCompile Include="Game\Engine\ZzzTexture.cpp">
      <Filter>MU\Client\Source Files</Filter>
    </ClCompile>
    <ClCompile Include="_GlobalFunctions.cpp">
      <Filter>MU\Client\Source Files</Filter>
    </ClCompile>
  </ItemGroup>
  <ItemGroup>
    <ClInclude Include="dependencies\include\span.hpp">
      <Filter>External Object</Filter>
    </ClInclude>
    <ClInclude Include="CharInfoBalloonMng.h">
      <Filter>MU\Client\Header Files</Filter>
    </ClInclude>
    <ClInclude Include="Dotnet\PacketBindings_ChatServer.h">
      <Filter>MU\Client\Header Files</Filter>
    </ClInclude>
    <ClInclude Include="Dotnet\PacketBindings_ClientToServer.h">
      <Filter>MU\Client\Header Files</Filter>
    </ClInclude>
    <ClInclude Include="Dotnet\PacketBindings_ConnectServer.h">
      <Filter>MU\Client\Header Files</Filter>
    </ClInclude>
    <ClInclude Include="Dotnet\PacketFunctions_ChatServer.h">
      <Filter>MU\Client\Header Files</Filter>
    </ClInclude>
    <ClInclude Include="Dotnet\PacketFunctions_ClientToServer.h">
      <Filter>MU\Client\Header Files</Filter>
    </ClInclude>
    <ClInclude Include="Dotnet\PacketFunctions_ConnectServer.h">
      <Filter>MU\Client\Header Files</Filter>
    </ClInclude>
    <ClInclude Include="Dotnet\PacketFunctions_Custom.h">
      <Filter>MU\Client\Header Files</Filter>
    </ClInclude>
    <ClInclude Include="MUHelper\MuHelper.h">
      <Filter>MU\Client\Header Files</Filter>
    </ClInclude>
    <ClInclude Include="MUHelper\MuHelperData.h">
      <Filter>MU\Client\Header Files</Filter>
    </ClInclude>
    <ClInclude Include="NewUI\InventoryExtension.h">
      <Filter>MU\Client\Header Files</Filter>
    </ClInclude>
    <ClInclude Include="BaseCls.h">
      <Filter>MU\Client\Header Files</Filter>
    </ClInclude>
    <ClInclude Include="BoneManager.h">
      <Filter>MU\Client\Header Files</Filter>
    </ClInclude>
    <ClInclude Include="Button.h">
      <Filter>MU\Client\Header Files</Filter>
    </ClInclude>
    <ClInclude Include="CameraMove.h">
      <Filter>MU\Client\Header Files</Filter>
    </ClInclude>
    <ClInclude Include="CBTMessageBox.h">
      <Filter>MU\Client\Header Files</Filter>
    </ClInclude>
    <ClInclude Include="CComGem.h">
      <Filter>MU\Client\Header Files</Filter>
    </ClInclude>
    <ClInclude Include="CDirection.h">
      <Filter>MU\Client\Header Files</Filter>
    </ClInclude>
    <ClInclude Include="ChangeRingManager.h">
      <Filter>MU\Client\Header Files</Filter>
    </ClInclude>
    <ClInclude Include="CharacterManager.h">
      <Filter>MU\Client\Header Files</Filter>
    </ClInclude>
    <ClInclude Include="CharInfoBalloon.h">
      <Filter>MU\Client\Header Files</Filter>
    </ClInclude>
    <ClInclude Include="CharMakeWin.h">
      <Filter>MU\Client\Header Files</Filter>
    </ClInclude>
    <ClInclude Include="CharSelMainWin.h">
      <Filter>MU\Client\Header Files</Filter>
    </ClInclude>
    <ClInclude Include="CKANTURUDirection.h">
      <Filter>MU\Client\Header Files</Filter>
    </ClInclude>
    <ClInclude Include="CMVP1stDirection.h">
      <Filter>MU\Client\Header Files</Filter>
    </ClInclude>
    <ClInclude Include="CreditWin.h">
      <Filter>MU\Client\Header Files</Filter>
    </ClInclude>
    <ClInclude Include="CSChaosCastle.h">
      <Filter>MU\Client\Header Files</Filter>
    </ClInclude>
    <ClInclude Include="CSEventMatch.h">
      <Filter>MU\Client\Header Files</Filter>
    </ClInclude>
    <ClInclude Include="CSItemOption.h">
      <Filter>MU\Client\Header Files</Filter>
    </ClInclude>
    <ClInclude Include="CSMapServer.h">
      <Filter>MU\Client\Header Files</Filter>
    </ClInclude>
    <ClInclude Include="CSParts.h">
      <Filter>MU\Client\Header Files</Filter>
    </ClInclude>
    <ClInclude Include="CSPetSystem.h">
      <Filter>MU\Client\Header Files</Filter>
    </ClInclude>
    <ClInclude Include="CSQuest.h">
      <Filter>MU\Client\Header Files</Filter>
    </ClInclude>
    <ClInclude Include="CSWaterTerrain.h">
      <Filter>MU\Client\Header Files</Filter>
    </ClInclude>
    <ClInclude Include="Defined_Global.h">
      <Filter>MU\Client\Header Files</Filter>
    </ClInclude>
    <ClInclude Include="Dotnet\Connection.h">
      <Filter>MU\Client\Header Files</Filter>
    </ClInclude>
    <ClInclude Include="DSPlaySound.h">
      <Filter>MU\Client\Header Files</Filter>
    </ClInclude>
    <ClInclude Include="DSwaveIO.h">
      <Filter>MU\Client\Header Files</Filter>
    </ClInclude>
    <ClInclude Include="DSWavRead.h">
      <Filter>MU\Client\Header Files</Filter>
    </ClInclude>
    <ClInclude Include="DuelMgr.h">
      <Filter>MU\Client\Header Files</Filter>
    </ClInclude>
    <ClInclude Include="Event.h">
      <Filter>MU\Client\Header Files</Filter>
    </ClInclude>
    <ClInclude Include="ExternalObject\Leaf\regkey.h">
      <Filter>MU\Client\Header Files</Filter>
    </ClInclude>
    <ClInclude Include="ExternalObject\Leaf\xstreambuf.h">
      <Filter>MU\Client\Header Files</Filter>
    </ClInclude>
    <ClInclude Include="GambleSystem.h">
      <Filter>MU\Client\Header Files</Filter>
    </ClInclude>
    <ClInclude Include="GameShop\FileDownloader\FTPConnecter.h">
      <Filter>MU\Client\Header Files</Filter>
    </ClInclude>
    <ClInclude Include="GameShop\FileDownloader\HTTPConnecter.h">
      <Filter>MU\Client\Header Files</Filter>
    </ClInclude>
    <ClInclude Include="GameShop\FileDownloader\Include.h">
      <Filter>MU\Client\Header Files</Filter>
    </ClInclude>
    <ClInclude Include="GameShop\InGameShopSystem.h">
      <Filter>MU\Client\Header Files</Filter>
    </ClInclude>
    <ClInclude Include="GameShop\MsgBoxIGSBuyConfirm.h">
      <Filter>MU\Client\Header Files</Filter>
    </ClInclude>
    <ClInclude Include="GameShop\MsgBoxIGSBuyPackageItem.h">
      <Filter>MU\Client\Header Files</Filter>
    </ClInclude>
    <ClInclude Include="GameShop\MsgBoxIGSBuySelectItem.h">
      <Filter>MU\Client\Header Files</Filter>
    </ClInclude>
    <ClInclude Include="GameShop\MsgBoxIGSCommon.h">
      <Filter>MU\Client\Header Files</Filter>
    </ClInclude>
    <ClInclude Include="GameShop\MsgBoxIGSDeleteItemConfirm.h">
      <Filter>MU\Client\Header Files</Filter>
    </ClInclude>
    <ClInclude Include="GameShop\MsgBoxIGSGiftStorageItemInfo.h">
      <Filter>MU\Client\Header Files</Filter>
    </ClInclude>
    <ClInclude Include="GameShop\MsgBoxIGSSendGift.h">
      <Filter>MU\Client\Header Files</Filter>
    </ClInclude>
    <ClInclude Include="GameShop\MsgBoxIGSSendGiftConfirm.h">
      <Filter>MU\Client\Header Files</Filter>
    </ClInclude>
    <ClInclude Include="GameShop\MsgBoxIGSStorageItemInfo.h">
      <Filter>MU\Client\Header Files</Filter>
    </ClInclude>
    <ClInclude Include="GameShop\MsgBoxIGSUseBuffConfirm.h">
      <Filter>MU\Client\Header Files</Filter>
    </ClInclude>
    <ClInclude Include="GameShop\MsgBoxIGSUseItemConfirm.h">
      <Filter>MU\Client\Header Files</Filter>
    </ClInclude>
    <ClInclude Include="NewUI/InGameShop.h">
      <Filter>MU\Client\Header Files</Filter>
    </ClInclude>
    <ClInclude Include="GameShop\ShopListManager\BannerInfo.h">
      <Filter>MU\Client\Header Files</Filter>
    </ClInclude>
    <ClInclude Include="GameShop\ShopListManager\BannerInfoList.h">
      <Filter>MU\Client\Header Files</Filter>
    </ClInclude>
    <ClInclude Include="GameShop\ShopListManager\BannerListManager.h">
      <Filter>MU\Client\Header Files</Filter>
    </ClInclude>
    <ClInclude Include="GameShop\ShopListManager\FTPFileDownLoader.h">
      <Filter>MU\Client\Header Files</Filter>
    </ClInclude>
    <ClInclude Include="GameShop\ShopListManager\Include.h">
      <Filter>MU\Client\Header Files</Filter>
    </ClInclude>
    <ClInclude Include="GameShop\ShopListManager\interface\DownloadInfo.h">
      <Filter>MU\Client\Header Files</Filter>
    </ClInclude>
    <ClInclude Include="GameShop\ShopListManager\interface\FileDownloader.h">
      <Filter>MU\Client\Header Files</Filter>
    </ClInclude>
    <ClInclude Include="GameShop\ShopListManager\interface\FTPConnecter.h">
      <Filter>MU\Client\Header Files</Filter>
    </ClInclude>
    <ClInclude Include="GameShop\ShopListManager\interface\HTTPConnecter.h">
      <Filter>MU\Client\Header Files</Filter>
    </ClInclude>
    <ClInclude Include="GameShop\ShopListManager\interface\IConnecter.h">
      <Filter>MU\Client\Header Files</Filter>
    </ClInclude>
    <ClInclude Include="GameShop\ShopListManager\interface\IDownloaderStateEvent.h">
      <Filter>MU\Client\Header Files</Filter>
    </ClInclude>
    <ClInclude Include="GameShop\ShopListManager\interface\Include.h">
      <Filter>MU\Client\Header Files</Filter>
    </ClInclude>
    <ClInclude Include="GameShop\ShopListManager\interface\PathMethod\Path.h">
      <Filter>MU\Client\Header Files</Filter>
    </ClInclude>
    <ClInclude Include="GameShop\ShopListManager\interface\WZResult\ErrorCodeDefine.h">
      <Filter>MU\Client\Header Files</Filter>
    </ClInclude>
    <ClInclude Include="GameShop\ShopListManager\interface\WZResult\WZResult.h">
      <Filter>MU\Client\Header Files</Filter>
    </ClInclude>
    <ClInclude Include="GameShop\ShopListManager\ListManager.h">
      <Filter>MU\Client\Header Files</Filter>
    </ClInclude>
    <ClInclude Include="GameShop\ShopListManager\ShopCategory.h">
      <Filter>MU\Client\Header Files</Filter>
    </ClInclude>
    <ClInclude Include="GameShop\ShopListManager\ShopCategoryList.h">
      <Filter>MU\Client\Header Files</Filter>
    </ClInclude>
    <ClInclude Include="GameShop\ShopListManager\ShopList.h">
      <Filter>MU\Client\Header Files</Filter>
    </ClInclude>
    <ClInclude Include="GameShop\ShopListManager\ShopListManager.h">
      <Filter>MU\Client\Header Files</Filter>
    </ClInclude>
    <ClInclude Include="GameShop\ShopListManager\ShopPackage.h">
      <Filter>MU\Client\Header Files</Filter>
    </ClInclude>
    <ClInclude Include="GameShop\ShopListManager\ShopPackageList.h">
      <Filter>MU\Client\Header Files</Filter>
    </ClInclude>
    <ClInclude Include="GameShop\ShopListManager\ShopProduct.h">
      <Filter>MU\Client\Header Files</Filter>
    </ClInclude>
    <ClInclude Include="GameShop\ShopListManager\ShopProductList.h">
      <Filter>MU\Client\Header Files</Filter>
    </ClInclude>
    <ClInclude Include="GameShop\ShopListManager\StringMethod.h">
      <Filter>MU\Client\Header Files</Filter>
    </ClInclude>
    <ClInclude Include="GameShop\ShopListManager\StringToken.h">
      <Filter>MU\Client\Header Files</Filter>
    </ClInclude>
    <ClInclude Include="GaugeBar.h">
      <Filter>MU\Client\Header Files</Filter>
    </ClInclude>
    <ClInclude Include="GIPetManager.h">
      <Filter>MU\Client\Header Files</Filter>
    </ClInclude>
    <ClInclude Include="GlobalBitmap.h">
      <Filter>MU\Client\Header Files</Filter>
    </ClInclude>
    <ClInclude Include="GlobalText.h">
      <Filter>MU\Client\Header Files</Filter>
    </ClInclude>
    <ClInclude Include="GM3rdChangeUp.h">
      <Filter>MU\Client\Header Files</Filter>
    </ClInclude>
    <ClInclude Include="GMAida.h">
      <Filter>MU\Client\Header Files</Filter>
    </ClInclude>
    <ClInclude Include="GMBattleCastle.h">
      <Filter>MU\Client\Header Files</Filter>
    </ClInclude>
    <ClInclude Include="GMCryingWolf2nd.h">
      <Filter>MU\Client\Header Files</Filter>
    </ClInclude>
    <ClInclude Include="GMCrywolf1st.h">
      <Filter>MU\Client\Header Files</Filter>
    </ClInclude>
    <ClInclude Include="GMDoppelGanger1.h">
      <Filter>MU\Client\Header Files</Filter>
    </ClInclude>
    <ClInclude Include="GMDoppelGanger2.h">
      <Filter>MU\Client\Header Files</Filter>
    </ClInclude>
    <ClInclude Include="GMDoppelGanger3.h">
      <Filter>MU\Client\Header Files</Filter>
    </ClInclude>
    <ClInclude Include="GMDoppelGanger4.h">
      <Filter>MU\Client\Header Files</Filter>
    </ClInclude>
    <ClInclude Include="GMDuelArena.h">
      <Filter>MU\Client\Header Files</Filter>
    </ClInclude>
    <ClInclude Include="GMEmpireGuardian1.h">
      <Filter>MU\Client\Header Files</Filter>
    </ClInclude>
    <ClInclude Include="GMEmpireGuardian2.h">
      <Filter>MU\Client\Header Files</Filter>
    </ClInclude>
    <ClInclude Include="GMEmpireGuardian3.h">
      <Filter>MU\Client\Header Files</Filter>
    </ClInclude>
    <ClInclude Include="GMEmpireGuardian4.h">
      <Filter>MU\Client\Header Files</Filter>
    </ClInclude>
    <ClInclude Include="GMGmArea.h">
      <Filter>MU\Client\Header Files</Filter>
    </ClInclude>
    <ClInclude Include="GMHellas.h">
      <Filter>MU\Client\Header Files</Filter>
    </ClInclude>
    <ClInclude Include="GMHuntingGround.h">
      <Filter>MU\Client\Header Files</Filter>
    </ClInclude>
    <ClInclude Include="GMKarutan1.h">
      <Filter>MU\Client\Header Files</Filter>
    </ClInclude>
    <ClInclude Include="GMNewTown.h">
      <Filter>MU\Client\Header Files</Filter>
    </ClInclude>
    <ClInclude Include="GMSantaTown.h">
      <Filter>MU\Client\Header Files</Filter>
    </ClInclude>
    <ClInclude Include="GMSwampOfQuiet.h">
      <Filter>MU\Client\Header Files</Filter>
    </ClInclude>
    <ClInclude Include="GMUnitedMarketPlace.h">
      <Filter>MU\Client\Header Files</Filter>
    </ClInclude>
    <ClInclude Include="GM_Kanturu_1st.h">
      <Filter>MU\Client\Header Files</Filter>
    </ClInclude>
    <ClInclude Include="GM_Kanturu_2nd.h">
      <Filter>MU\Client\Header Files</Filter>
    </ClInclude>
    <ClInclude Include="GM_Kanturu_3rd.h">
      <Filter>MU\Client\Header Files</Filter>
    </ClInclude>
    <ClInclude Include="GM_PK_Field.h">
      <Filter>MU\Client\Header Files</Filter>
    </ClInclude>
    <ClInclude Include="GM_Raklion.h">
      <Filter>MU\Client\Header Files</Filter>
    </ClInclude>
    <ClInclude Include="GOBoid.h">
      <Filter>MU\Client\Header Files</Filter>
    </ClInclude>
    <ClInclude Include="GuildCache.h">
      <Filter>MU\Client\Header Files</Filter>
    </ClInclude>
    <ClInclude Include="iexplorer.h">
      <Filter>MU\Client\Header Files</Filter>
    </ClInclude>
    <ClInclude Include="Input.h">
      <Filter>MU\Client\Header Files</Filter>
    </ClInclude>
    <ClInclude Include="ItemAddOptioninfo.h">
      <Filter>MU\Client\Header Files</Filter>
    </ClInclude>
    <ClInclude Include="ItemManager.h">
      <Filter>MU\Client\Header Files</Filter>
    </ClInclude>
    <ClInclude Include="KeyGenerater.h">
      <Filter>MU\Client\Header Files</Filter>
    </ClInclude>
    <ClInclude Include="LoadData.h">
      <Filter>MU\Client\Header Files</Filter>
    </ClInclude>
    <ClInclude Include="LoadingScene.h">
      <Filter>MU\Client\Header Files</Filter>
    </ClInclude>
    <ClInclude Include="Local.h">
      <Filter>MU\Client\Header Files</Filter>
    </ClInclude>
    <ClInclude Include="LoginMainWin.h">
      <Filter>MU\Client\Header Files</Filter>
    </ClInclude>
    <ClInclude Include="LoginWin.h">
      <Filter>MU\Client\Header Files</Filter>
    </ClInclude>
    <ClInclude Include="MapManager.h">
      <Filter>MU\Client\Header Files</Filter>
    </ClInclude>
    <ClInclude Include="MatchEvent.h">
      <Filter>MU\Client\Header Files</Filter>
    </ClInclude>
    <ClInclude Include="Math\ZzzMathLib.h">
      <Filter>MU\Client\Header Files</Filter>
    </ClInclude>
    <ClInclude Include="MixMgr.h">
      <Filter>MU\Client\Header Files</Filter>
    </ClInclude>
    <ClInclude Include="MonkSystem.h">
      <Filter>MU\Client\Header Files</Filter>
    </ClInclude>
    <ClInclude Include="MoveCommandData.h">
      <Filter>MU\Client\Header Files</Filter>
    </ClInclude>
    <ClInclude Include="MsgWin.h">
      <Filter>MU\Client\Header Files</Filter>
    </ClInclude>
    <ClInclude Include="MultiLanguage.h">
      <Filter>MU\Client\Header Files</Filter>
    </ClInclude>
    <ClInclude Include="NewBloodCastleSystem.h">
      <Filter>MU\Client\Header Files</Filter>
    </ClInclude>
    <ClInclude Include="NewChaosCastleSystem.h">
      <Filter>MU\Client\Header Files</Filter>
    </ClInclude>
    <ClInclude Include="NewUI\3DRenderMng.h">
      <Filter>MU\Client\Header Files</Filter>
    </ClInclude>
    <ClInclude Include="NewUI\Base.h">
      <Filter>MU\Client\Header Files</Filter>
    </ClInclude>
    <ClInclude Include="NewUI\BattleSoccerScore.h">
      <Filter>MU\Client\Header Files</Filter>
    </ClInclude>
    <ClInclude Include="NewUI\BloodCastleEnter.h">
      <Filter>MU\Client\Header Files</Filter>
    </ClInclude>
    <ClInclude Include="NewUI\BloodCastleTime.h">
      <Filter>MU\Client\Header Files</Filter>
    </ClInclude>
    <ClInclude Include="NewUI\BuffWindow.h">
      <Filter>MU\Client\Header Files</Filter>
    </ClInclude>
    <ClInclude Include="NewUI\Button.h">
      <Filter>MU\Client\Header Files</Filter>
    </ClInclude>
    <ClInclude Include="NewUI\CastleWindow.h">
      <Filter>MU\Client\Header Files</Filter>
    </ClInclude>
    <ClInclude Include="NewUI\CatapultWindow.h">
      <Filter>MU\Client\Header Files</Filter>
    </ClInclude>
    <ClInclude Include="NewUI\ChaosCastleTime.h">
      <Filter>MU\Client\Header Files</Filter>
    </ClInclude>
    <ClInclude Include="NewUI\CharacterInfoWindow.h">
      <Filter>MU\Client\Header Files</Filter>
    </ClInclude>
    <ClInclude Include="NewUI\ChatInputBox.h">
      <Filter>MU\Client\Header Files</Filter>
    </ClInclude>
    <ClInclude Include="NewUI\ChatLogWindow.h">
      <Filter>MU\Client\Header Files</Filter>
    </ClInclude>
    <ClInclude Include="NewUI\CommandWindow.h">
      <Filter>MU\Client\Header Files</Filter>
    </ClInclude>
    <ClInclude Include="NewUI\Common.h">
      <Filter>MU\Client\Header Files</Filter>
    </ClInclude>
    <ClInclude Include="NewUI\CommonMessageBox.h">
      <Filter>MU\Client\Header Files</Filter>
    </ClInclude>
    <ClInclude Include="NewUI\CryWolf.h">
      <Filter>MU\Client\Header Files</Filter>
    </ClInclude>
    <ClInclude Include="NewUI\CursedTempleEnter.h">
      <Filter>MU\Client\Header Files</Filter>
    </ClInclude>
    <ClInclude Include="NewUI\CursedTempleResult.h">
      <Filter>MU\Client\Header Files</Filter>
    </ClInclude>
    <ClInclude Include="NewUI\CursedTempleSystem.h">
      <Filter>MU\Client\Header Files</Filter>
    </ClInclude>
    <ClInclude Include="NewUI\CustomMessageBox.h">
      <Filter>MU\Client\Header Files</Filter>
    </ClInclude>
    <ClInclude Include="NewUI\DoppelGangerFrame.h">
      <Filter>MU\Client\Header Files</Filter>
    </ClInclude>
    <ClInclude Include="NewUI\DoppelGangerWindow.h">
      <Filter>MU\Client\Header Files</Filter>
    </ClInclude>
    <ClInclude Include="NewUI\DuelWatchMainFrameWindow.h">
      <Filter>MU\Client\Header Files</Filter>
    </ClInclude>
    <ClInclude Include="NewUI\DuelWatchUserListWindow.h">
      <Filter>MU\Client\Header Files</Filter>
    </ClInclude>
    <ClInclude Include="NewUI\DuelWatchWindow.h">
      <Filter>MU\Client\Header Files</Filter>
    </ClInclude>
    <ClInclude Include="NewUI\DuelWindow.h">
      <Filter>MU\Client\Header Files</Filter>
    </ClInclude>
    <ClInclude Include="NewUI\EmpireGuardianNPC.h">
      <Filter>MU\Client\Header Files</Filter>
    </ClInclude>
    <ClInclude Include="NewUI\EmpireGuardianTimer.h">
      <Filter>MU\Client\Header Files</Filter>
    </ClInclude>
    <ClInclude Include="NewUI\EnterDevilSquare.h">
      <Filter>MU\Client\Header Files</Filter>
    </ClInclude>
    <ClInclude Include="NewUI\ExchangeLuckyCoin.h">
      <Filter>MU\Client\Header Files</Filter>
    </ClInclude>
    <ClInclude Include="NewUI\FriendWindow.h">
      <Filter>MU\Client\Header Files</Filter>
    </ClInclude>
    <ClInclude Include="NewUI\GatemanWindow.h">
      <Filter>MU\Client\Header Files</Filter>
    </ClInclude>
    <ClInclude Include="NewUI\GateSwitchWindow.h">
      <Filter>MU\Client\Header Files</Filter>
    </ClInclude>
    <ClInclude Include="NewUI\GensRanking.h">
      <Filter>MU\Client\Header Files</Filter>
    </ClInclude>
    <ClInclude Include="NewUI\GoldBowmanLena.h">
      <Filter>MU\Client\Header Files</Filter>
    </ClInclude>
    <ClInclude Include="NewUI\GoldBowmanWindow.h">
      <Filter>MU\Client\Header Files</Filter>
    </ClInclude>
    <ClInclude Include="NewUI\Group.h">
      <Filter>MU\Client\Header Files</Filter>
    </ClInclude>
    <ClInclude Include="NewUI\GuardWindow.h">
      <Filter>MU\Client\Header Files</Filter>
    </ClInclude>
    <ClInclude Include="NewUI\GuildInfoWindow.h">
      <Filter>MU\Client\Header Files</Filter>
    </ClInclude>
    <ClInclude Include="NewUI\GuildMakeWindow.h">
      <Filter>MU\Client\Header Files</Filter>
    </ClInclude>
    <ClInclude Include="NewUI\HelpWindow.h">
      <Filter>MU\Client\Header Files</Filter>
    </ClInclude>
    <ClInclude Include="NewUI\HeroPositionInfo.h">
      <Filter>MU\Client\Header Files</Filter>
    </ClInclude>
    <ClInclude Include="NewUI\HotKey.h">
      <Filter>MU\Client\Header Files</Filter>
    </ClInclude>
    <ClInclude Include="NewUI\InventoryCtrl.h">
      <Filter>MU\Client\Header Files</Filter>
    </ClInclude>
    <ClInclude Include="NewUI\ItemEnduranceInfo.h">
      <Filter>MU\Client\Header Files</Filter>
    </ClInclude>
    <ClInclude Include="NewUI\ItemExplanationWindow.h">
      <Filter>MU\Client\Header Files</Filter>
    </ClInclude>
    <ClInclude Include="NewUI\ItemMng.h">
      <Filter>MU\Client\Header Files</Filter>
    </ClInclude>
    <ClInclude Include="NewUI\KanturuEvent.h">
      <Filter>MU\Client\Header Files</Filter>
    </ClInclude>
    <ClInclude Include="NewUI\LuckyItemWnd.h">
      <Filter>MU\Client\Header Files</Filter>
    </ClInclude>
    <ClInclude Include="NewUI\MainFrameWindow.h">
      <Filter>MU\Client\Header Files</Filter>
    </ClInclude>
    <ClInclude Include="NewUI\Manager.h">
      <Filter>MU\Client\Header Files</Filter>
    </ClInclude>
    <ClInclude Include="NewUI\MasterLevel.h">
      <Filter>MU\Client\Header Files</Filter>
    </ClInclude>
    <ClInclude Include="NewUI\MessageBox.h">
      <Filter>MU\Client\Header Files</Filter>
    </ClInclude>
    <ClInclude Include="NewUI\MiniMap.h">
      <Filter>MU\Client\Header Files</Filter>
    </ClInclude>
    <ClInclude Include="NewUI\MixInventory.h">
      <Filter>MU\Client\Header Files</Filter>
    </ClInclude>
    <ClInclude Include="NewUI\MoveCommandWindow.h">
      <Filter>MU\Client\Header Files</Filter>
    </ClInclude>
    <ClInclude Include="NewUI\MuHelper.h">
      <Filter>MU\Client\Header Files</Filter>
    </ClInclude>
    <ClInclude Include="NewUI\MyInventory.h">
      <Filter>MU\Client\Header Files</Filter>
    </ClInclude>
    <ClInclude Include="NewUI\MyQuestInfoWindow.h">
      <Filter>MU\Client\Header Files</Filter>
    </ClInclude>
    <ClInclude Include="NewUI\MyShopInventory.h">
      <Filter>MU\Client\Header Files</Filter>
    </ClInclude>
    <ClInclude Include="NewUI\NameWindow.h">
      <Filter>MU\Client\Header Files</Filter>
    </ClInclude>
    <ClInclude Include="NewUI\NPCDialogue.h">
      <Filter>MU\Client\Header Files</Filter>
    </ClInclude>
    <ClInclude Include="NewUI\NPCQuest.h">
      <Filter>MU\Client\Header Files</Filter>
    </ClInclude>
    <ClInclude Include="NewUI\NPCShop.h">
      <Filter>MU\Client\Header Files</Filter>
    </ClInclude>
    <ClInclude Include="NewUI\OptionWindow.h">
      <Filter>MU\Client\Header Files</Filter>
    </ClInclude>
    <ClInclude Include="NewUI\PartyInfoWindow.h">
      <Filter>MU\Client\Header Files</Filter>
    </ClInclude>
    <ClInclude Include="NewUI\PartyListWindow.h">
      <Filter>MU\Client\Header Files</Filter>
    </ClInclude>
    <ClInclude Include="NewUI\PetInfoWindow.h">
      <Filter>MU\Client\Header Files</Filter>
    </ClInclude>
    <ClInclude Include="NewUI\PurchaseShopInventory.h">
      <Filter>MU\Client\Header Files</Filter>
    </ClInclude>
    <ClInclude Include="NewUI\QuestProgress.h">
      <Filter>MU\Client\Header Files</Filter>
    </ClInclude>
    <ClInclude Include="NewUI\QuestProgressByEtc.h">
      <Filter>MU\Client\Header Files</Filter>
    </ClInclude>
    <ClInclude Include="NewUI\QuickCommandWindow.h">
      <Filter>MU\Client\Header Files</Filter>
    </ClInclude>
    <ClInclude Include="NewUI\RegistrationLuckyCoin.h">
      <Filter>MU\Client\Header Files</Filter>
    </ClInclude>
    <ClInclude Include="NewUI\RenderNumber.h">
      <Filter>MU\Client\Header Files</Filter>
    </ClInclude>
    <ClInclude Include="NewUI\ScrollBar.h">
      <Filter>MU\Client\Header Files</Filter>
    </ClInclude>
    <ClInclude Include="NewUI\SeigeWarfare.h">
      <Filter>MU\Client\Header Files</Filter>
    </ClInclude>
    <ClInclude Include="NewUI\SetItemExplanation.h">
      <Filter>MU\Client\Header Files</Filter>
    </ClInclude>
    <ClInclude Include="NewUI\SiegeWarBase.h">
      <Filter>MU\Client\Header Files</Filter>
    </ClInclude>
    <ClInclude Include="NewUI\SiegeWarCommander.h">
      <Filter>MU\Client\Header Files</Filter>
    </ClInclude>
    <ClInclude Include="NewUI\SiegeWarObserver.h">
      <Filter>MU\Client\Header Files</Filter>
    </ClInclude>
    <ClInclude Include="NewUI\SiegeWarSoldier.h">
      <Filter>MU\Client\Header Files</Filter>
    </ClInclude>
    <ClInclude Include="NewUI\SlideWindow.h">
      <Filter>MU\Client\Header Files</Filter>
    </ClInclude>
    <ClInclude Include="NewUI\StorageInventory.h">
      <Filter>MU\Client\Header Files</Filter>
    </ClInclude>
    <ClInclude Include="NewUI\StorageInventoryExt.h">
      <Filter>MU\Client\Header Files</Filter>
    </ClInclude>
    <ClInclude Include="NewUI\System.h">
      <Filter>MU\Client\Header Files</Filter>
    </ClInclude>
    <ClInclude Include="NewUI\TextBox.h">
      <Filter>MU\Client\Header Files</Filter>
    </ClInclude>
    <ClInclude Include="NewUI\Trade.h">
      <Filter>MU\Client\Header Files</Filter>
    </ClInclude>
    <ClInclude Include="NewUI\UnitedMarketPlaceWindow.h">
      <Filter>MU\Client\Header Files</Filter>
    </ClInclude>
    <ClInclude Include="NewUI\WindowMenu.h">
      <Filter>MU\Client\Header Files</Filter>
    </ClInclude>
    <ClInclude Include="npcBreeder.h">
      <Filter>MU\Client\Header Files</Filter>
    </ClInclude>
    <ClInclude Include="npcCatapult.h">
      <Filter>MU\Client\Header Files</Filter>
    </ClInclude>
    <ClInclude Include="npcGateSwitch.h">
      <Filter>MU\Client\Header Files</Filter>
    </ClInclude>
    <ClInclude Include="Observer.h">
      <Filter>MU\Client\Header Files</Filter>
    </ClInclude>
    <ClInclude Include="OptionWin.h">
      <Filter>MU\Client\Header Files</Filter>
    </ClInclude>
    <ClInclude Include="PartyManager.h">
      <Filter>MU\Client\Header Files</Filter>
    </ClInclude>
    <ClInclude Include="PersonalShopTitleImp.h">
      <Filter>MU\Client\Header Files</Filter>
    </ClInclude>
    <ClInclude Include="PhysicsManager.h">
      <Filter>MU\Client\Header Files</Filter>
    </ClInclude>
    <ClInclude Include="PList.h">
      <Filter>MU\Client\Header Files</Filter>
    </ClInclude>
    <ClInclude Include="PortalMgr.h">
      <Filter>MU\Client\Header Files</Filter>
    </ClInclude>
    <ClInclude Include="QuestMng.h">
      <Filter>MU\Client\Header Files</Filter>
    </ClInclude>
    <ClInclude Include="ReadScript.h">
      <Filter>MU\Client\Header Files</Filter>
    </ClInclude>
    <ClInclude Include="resource.h">
      <Filter>MU\Client\Header Files</Filter>
    </ClInclude>
    <ClInclude Include="ServerGroup.h">
      <Filter>MU\Client\Header Files</Filter>
    </ClInclude>
    <ClInclude Include="ServerInfo.h">
      <Filter>MU\Client\Header Files</Filter>
    </ClInclude>
    <ClInclude Include="ServerListManager.h">
      <Filter>MU\Client\Header Files</Filter>
    </ClInclude>
    <ClInclude Include="ServerMsgWin.h">
      <Filter>MU\Client\Header Files</Filter>
    </ClInclude>
    <ClInclude Include="ServerSelWin.h">
      <Filter>MU\Client\Header Files</Filter>
    </ClInclude>
    <ClInclude Include="ShadowVolume.h">
      <Filter>MU\Client\Header Files</Filter>
    </ClInclude>
    <ClInclude Include="SideHair.h">
      <Filter>MU\Client\Header Files</Filter>
    </ClInclude>
    <ClInclude Include="Singleton.h">
      <Filter>MU\Client\Header Files</Filter>
    </ClInclude>
    <ClInclude Include="SkillEffectMgr.h">
      <Filter>MU\Client\Header Files</Filter>
    </ClInclude>
    <ClInclude Include="SkillManager.h">
      <Filter>MU\Client\Header Files</Filter>
    </ClInclude>
    <ClInclude Include="Slider.h">
      <Filter>MU\Client\Header Files</Filter>
    </ClInclude>
    <ClInclude Include="SMD.h">
      <Filter>MU\Client\Header Files</Filter>
    </ClInclude>
    <ClInclude Include="SocketSystem.h">
      <Filter>MU\Client\Header Files</Filter>
    </ClInclude>
    <ClInclude Include="Sprite.h">
      <Filter>MU\Client\Header Files</Filter>
    </ClInclude>
    <ClInclude Include="stdafx.h">
      <Filter>MU\Client\Header Files</Filter>
    </ClInclude>
    <ClInclude Include="stringset.h">
      <Filter>MU\Client\Header Files</Filter>
    </ClInclude>
    <ClInclude Include="SummonSystem.h">
      <Filter>MU\Client\Header Files</Filter>
    </ClInclude>
    <ClInclude Include="SysMenuWin.h">
      <Filter>MU\Client\Header Files</Filter>
    </ClInclude>
    <ClInclude Include="TextureScript.h">
      <Filter>MU\Client\Header Files</Filter>
    </ClInclude>
    <ClInclude Include="Time\CTimCheck.h">
      <Filter>MU\Client\Header Files</Filter>
    </ClInclude>
    <ClInclude Include="Time\Timer.h">
      <Filter>MU\Client\Header Files</Filter>
    </ClInclude>
    <ClInclude Include="UIBaseDef.h">
      <Filter>MU\Client\Header Files</Filter>
    </ClInclude>
    <ClInclude Include="UIControls.h">
      <Filter>MU\Client\Header Files</Filter>
    </ClInclude>
    <ClInclude Include="UIDefaultBase.h">
      <Filter>MU\Client\Header Files</Filter>
    </ClInclude>
    <ClInclude Include="UIGateKeeper.h">
      <Filter>MU\Client\Header Files</Filter>
    </ClInclude>
    <ClInclude Include="UIGuardsMan.h">
      <Filter>MU\Client\Header Files</Filter>
    </ClInclude>
    <ClInclude Include="UIGuildInfo.h">
      <Filter>MU\Client\Header Files</Filter>
    </ClInclude>
    <ClInclude Include="UIGuildMaster.h">
      <Filter>MU\Client\Header Files</Filter>
    </ClInclude>
    <ClInclude Include="UIJewelHarmony.h">
      <Filter>MU\Client\Header Files</Filter>
    </ClInclude>
    <ClInclude Include="UIManager.h">
      <Filter>MU\Client\Header Files</Filter>
    </ClInclude>
    <ClInclude Include="UIMapName.h">
      <Filter>MU\Client\Header Files</Filter>
    </ClInclude>
    <ClInclude Include="UIMng.h">
      <Filter>MU\Client\Header Files</Filter>
    </ClInclude>
    <ClInclude Include="UIPopup.h">
      <Filter>MU\Client\Header Files</Filter>
    </ClInclude>
    <ClInclude Include="UISenatus.h">
      <Filter>MU\Client\Header Files</Filter>
    </ClInclude>
    <ClInclude Include="UIWindows.h">
      <Filter>MU\Client\Header Files</Filter>
    </ClInclude>
    <ClInclude Include="UsefulDef.h">
      <Filter>MU\Client\Header Files</Filter>
    </ClInclude>
    <ClInclude Include="Utilities\CpuUsage.h">
      <Filter>MU\Client\Header Files</Filter>
    </ClInclude>
    <ClInclude Include="Utilities\Debouncer.h">
      <Filter>MU\Client\Header Files</Filter>
    </ClInclude>
    <ClInclude Include="Utilities\Log\ErrorReport.h">
      <Filter>MU\Client\Header Files</Filter>
    </ClInclude>
    <ClInclude Include="Utilities\Log\muConsoleDebug.h">
      <Filter>MU\Client\Header Files</Filter>
    </ClInclude>
    <ClInclude Include="Utilities\Log\WindowsConsole.h">
      <Filter>MU\Client\Header Files</Filter>
    </ClInclude>
    <ClInclude Include="Win.h">
      <Filter>MU\Client\Header Files</Filter>
    </ClInclude>
    <ClInclude Include="WinEx.h">
      <Filter>MU\Client\Header Files</Filter>
    </ClInclude>
    <ClInclude Include="Winmain.h">
      <Filter>MU\Client\Header Files</Filter>
    </ClInclude>
    <ClInclude Include="WSclient.h">
      <Filter>MU\Client\Header Files</Filter>
    </ClInclude>
    <ClInclude Include="Game\Core\w_BaseMap.h">
      <Filter>MU\Client\Header Files</Filter>
    </ClInclude>
    <ClInclude Include="Game\Core\w_BasePet.h">
      <Filter>MU\Client\Header Files</Filter>
    </ClInclude>
    <ClInclude Include="Game\Core\w_Buff.h">
      <Filter>MU\Client\Header Files</Filter>
    </ClInclude>
    <ClInclude Include="Game\Core\w_BuffScriptLoader.h">
      <Filter>MU\Client\Header Files</Filter>
    </ClInclude>
    <ClInclude Include="Game\Core\w_BuffStateSystem.h">
      <Filter>MU\Client\Header Files</Filter>
    </ClInclude>
    <ClInclude Include="Game\Core\w_BuffStateValueControl.h">
      <Filter>MU\Client\Header Files</Filter>
    </ClInclude>
    <ClInclude Include="Game\Core\w_BuffTimeControl.h">
      <Filter>MU\Client\Header Files</Filter>
    </ClInclude>
    <ClInclude Include="Game\Core\w_CharacterInfo.h">
      <Filter>MU\Client\Header Files</Filter>
    </ClInclude>
    <ClInclude Include="Game\Core\w_CursedTemple.h">
      <Filter>MU\Client\Header Files</Filter>
    </ClInclude>
    <ClInclude Include="Game\Core\w_MapHeaders.h">
      <Filter>MU\Client\Header Files</Filter>
    </ClInclude>
    <ClInclude Include="Game\Core\w_MapProcess.h">
      <Filter>MU\Client\Header Files</Filter>
    </ClInclude>
    <ClInclude Include="Game\Core\w_ObjectInfo.h">
      <Filter>MU\Client\Header Files</Filter>
    </ClInclude>
    <ClInclude Include="Game\Core\w_PetAction.h">
      <Filter>MU\Client\Header Files</Filter>
    </ClInclude>
    <ClInclude Include="Game\Core\w_PetActionCollecter.h">
      <Filter>MU\Client\Header Files</Filter>
    </ClInclude>
    <ClInclude Include="Game\Core\w_PetActionCollecter_Add.h">
      <Filter>MU\Client\Header Files</Filter>
    </ClInclude>
    <ClInclude Include="Game\Core\w_PetActionDemon.h">
      <Filter>MU\Client\Header Files</Filter>
    </ClInclude>
    <ClInclude Include="Game\Core\w_PetActionRound.h">
      <Filter>MU\Client\Header Files</Filter>
    </ClInclude>
    <ClInclude Include="Game\Core\w_PetActionStand.h">
      <Filter>MU\Client\Header Files</Filter>
    </ClInclude>
    <ClInclude Include="Game\Core\w_PetActionUnicorn.h">
      <Filter>MU\Client\Header Files</Filter>
    </ClInclude>
    <ClInclude Include="Game\Core\w_PetProcess.h">
      <Filter>MU\Client\Header Files</Filter>
    </ClInclude>
    <ClInclude Include="Game\Core\w_WindowMessageHandler.h">
      <Filter>MU\Client\Header Files</Filter>
    </ClInclude>
    <ClInclude Include="Game\Engine\ZzzAI.h">
      <Filter>MU\Client\Header Files</Filter>
    </ClInclude>
    <ClInclude Include="Game\Engine\ZzzBMD.h">
      <Filter>MU\Client\Header Files</Filter>
    </ClInclude>
    <ClInclude Include="Game\Engine\ZzzCharacter.h">
      <Filter>MU\Client\Header Files</Filter>
    </ClInclude>
    <ClInclude Include="Game\Engine\ZzzEffect.h">
      <Filter>MU\Client\Header Files</Filter>
    </ClInclude>
    <ClInclude Include="Game\Engine\ZzzInfomation.h">
      <Filter>MU\Client\Header Files</Filter>
    </ClInclude>
    <ClInclude Include="Game\Engine\ZzzInterface.h">
      <Filter>MU\Client\Header Files</Filter>
    </ClInclude>
    <ClInclude Include="Game\Engine\ZzzInventory.h">
      <Filter>MU\Client\Header Files</Filter>
    </ClInclude>
    <ClInclude Include="Game\Engine\ZzzLodTerrain.h">
      <Filter>MU\Client\Header Files</Filter>
    </ClInclude>
    <ClInclude Include="Game\Engine\ZzzObject.h">
      <Filter>MU\Client\Header Files</Filter>
    </ClInclude>
    <ClInclude Include="Game\Engine\ZzzOpenData.h">
      <Filter>MU\Client\Header Files</Filter>
    </ClInclude>
    <ClInclude Include="Game\Engine\ZzzOpenglUtil.h">
      <Filter>MU\Client\Header Files</Filter>
    </ClInclude>
    <ClInclude Include="Game\Engine\ZzzPath.h">
      <Filter>MU\Client\Header Files</Filter>
    </ClInclude>
    <ClInclude Include="Game\Engine\ZzzScene.h">
      <Filter>MU\Client\Header Files</Filter>
    </ClInclude>
    <ClInclude Include="Game\Engine\ZzzTexture.h">
      <Filter>MU\Client\Header Files</Filter>
    </ClInclude>
    <ClInclude Include="_define.h">
      <Filter>MU\Client\Header Files</Filter>
    </ClInclude>
    <ClInclude Include="_enum.h">
      <Filter>MU\Client\Header Files</Filter>
    </ClInclude>
    <ClInclude Include="_GlobalFunctions.h">
      <Filter>MU\Client\Header Files</Filter>
    </ClInclude>
    <ClInclude Include="_struct.h">
      <Filter>MU\Client\Header Files</Filter>
    </ClInclude>
    <ClInclude Include="_TextureIndex.h">
      <Filter>MU\Client\Header Files</Filter>
    </ClInclude>
    <ClInclude Include="_types.h">
      <Filter>MU\Client\Header Files</Filter>
    </ClInclude>
    <ClInclude Include="SpinLock.h">
      <Filter>MU\Client\Header Files</Filter>
    </ClInclude>
    <ClInclude Include="_crypt.h">
      <Filter>MU\Client\Header Files</Filter>
    </ClInclude>
    <ClInclude Include="Random.h">
      <Filter>MU\Client\Header Files</Filter>
    </ClInclude>
  </ItemGroup>
  <ItemGroup>
    <None Include="script\Mu_Chs.py">
      <Filter>External Object\ResourceGuard\Script</Filter>
    </None>
    <None Include="script\Mu_Eng.py">
      <Filter>External Object\ResourceGuard\Script</Filter>
    </None>
    <None Include="script\Mu_Jpn.py">
      <Filter>External Object\ResourceGuard\Script</Filter>
    </None>
    <None Include="script\Mu_Kor_Blue.py">
      <Filter>External Object\ResourceGuard\Script</Filter>
    </None>
    <None Include="script\Mu_Kor_Red.py">
      <Filter>External Object\ResourceGuard\Script</Filter>
    </None>
    <None Include="script\Mu_Kor_Red_Test.py">
      <Filter>External Object\ResourceGuard\Script</Filter>
    </None>
    <None Include="script\Mu_Phi.py">
      <Filter>External Object\ResourceGuard\Script</Filter>
    </None>
    <None Include="script\Mu_Tai.py">
      <Filter>External Object\ResourceGuard\Script</Filter>
    </None>
    <None Include="script\Mu_Tha.py">
      <Filter>External Object\ResourceGuard\Script</Filter>
    </None>
    <None Include="script\Mu_Vie.py">
      <Filter>External Object\ResourceGuard\Script</Filter>
    </None>
  </ItemGroup>
</Project>